// !$*UTF8*$!
{
	archiveVersion = 1;
	classes = {
	};
	objectVersion = 55;
	objects = {

/* Begin PBXBuildFile section */
		9AA5C78C2880385700F5EBFE /* AppDelegate.swift in Sources */ = {isa = PBXBuildFile; fileRef = 9AA5C78B2880385700F5EBFE /* AppDelegate.swift */; };
		9AA5C78E2880385700F5EBFE /* SceneDelegate.swift in Sources */ = {isa = PBXBuildFile; fileRef = 9AA5C78D2880385700F5EBFE /* SceneDelegate.swift */; };
		9AA5C7952880385800F5EBFE /* Assets.xcassets in Resources */ = {isa = PBXBuildFile; fileRef = 9AA5C7942880385800F5EBFE /* Assets.xcassets */; };
		9AA5C7982880385800F5EBFE /* LaunchScreen.storyboard in Resources */ = {isa = PBXBuildFile; fileRef = 9AA5C7962880385800F5EBFE /* LaunchScreen.storyboard */; };
		9AA5C7A32880385900F5EBFE /* PetsTests.swift in Sources */ = {isa = PBXBuildFile; fileRef = 9AA5C7A22880385900F5EBFE /* PetsTests.swift */; };
		9AA5C7AD2880385900F5EBFE /* PetsUITests.swift in Sources */ = {isa = PBXBuildFile; fileRef = 9AA5C7AC2880385900F5EBFE /* PetsUITests.swift */; };
		9AA5C7AF2880385900F5EBFE /* PetsUITestsLaunchTests.swift in Sources */ = {isa = PBXBuildFile; fileRef = 9AA5C7AE2880385900F5EBFE /* PetsUITestsLaunchTests.swift */; };
		9AA5C7C228803DBF00F5EBFE /* AppCoordinator.swift in Sources */ = {isa = PBXBuildFile; fileRef = 9AA5C7C128803DBF00F5EBFE /* AppCoordinator.swift */; };
		9AA5C7C528803E4300F5EBFE /* Coordinator.swift in Sources */ = {isa = PBXBuildFile; fileRef = 9AA5C7C428803E4300F5EBFE /* Coordinator.swift */; };
		9AA5C7C8288044EB00F5EBFE /* DebugLogger.swift in Sources */ = {isa = PBXBuildFile; fileRef = 9AA5C7C7288044EB00F5EBFE /* DebugLogger.swift */; };
		9AA5C7E72884799400F5EBFE /* .gitattributes in Resources */ = {isa = PBXBuildFile; fileRef = 9AA5C7E62884799400F5EBFE /* .gitattributes */; };
		9AA5C7EA28847A4F00F5EBFE /* GeneralNavigationController.swift in Sources */ = {isa = PBXBuildFile; fileRef = 9AA5C7E928847A4F00F5EBFE /* GeneralNavigationController.swift */; };
		9AA5C7EE28847A5400F5EBFE /* MainCoordinator.swift in Sources */ = {isa = PBXBuildFile; fileRef = 9AA5C7EC28847A5400F5EBFE /* MainCoordinator.swift */; };
		9AA5C7EF28847A5400F5EBFE /* MainTabBarVC.swift in Sources */ = {isa = PBXBuildFile; fileRef = 9AA5C7ED28847A5400F5EBFE /* MainTabBarVC.swift */; };
		9AA5C7F528847A7800F5EBFE /* UIColor+Extensions.swift in Sources */ = {isa = PBXBuildFile; fileRef = 9AA5C7F228847A7800F5EBFE /* UIColor+Extensions.swift */; };
		9AA5C7F628847A7800F5EBFE /* UIViewController+Extension.swift in Sources */ = {isa = PBXBuildFile; fileRef = 9AA5C7F328847A7800F5EBFE /* UIViewController+Extension.swift */; };
		9AA5C7F728847A7800F5EBFE /* UITabBarItem+Extensions.swift in Sources */ = {isa = PBXBuildFile; fileRef = 9AA5C7F428847A7800F5EBFE /* UITabBarItem+Extensions.swift */; };
		B5F506B62855DFD023291304 /* Pods_Pets_PetsUITests.framework in Frameworks */ = {isa = PBXBuildFile; fileRef = 9F640C8CA4C590E9823AF7FC /* Pods_Pets_PetsUITests.framework */; };
		B77FCE38BDCF95A7E8E22888 /* Pods_PetsTests.framework in Frameworks */ = {isa = PBXBuildFile; fileRef = E562AAB952E1F9C0EE82D4B0 /* Pods_PetsTests.framework */; };
		C4267C26C88549362EF9156D /* Pods_Pets.framework in Frameworks */ = {isa = PBXBuildFile; fileRef = 8B1FA8598ED4586811FB56DE /* Pods_Pets.framework */; };
/* End PBXBuildFile section */

/* Begin PBXContainerItemProxy section */
		9AA5C79F2880385900F5EBFE /* PBXContainerItemProxy */ = {
			isa = PBXContainerItemProxy;
			containerPortal = 9AA5C7802880385700F5EBFE /* Project object */;
			proxyType = 1;
			remoteGlobalIDString = 9AA5C7872880385700F5EBFE;
			remoteInfo = Pets;
		};
		9AA5C7A92880385900F5EBFE /* PBXContainerItemProxy */ = {
			isa = PBXContainerItemProxy;
			containerPortal = 9AA5C7802880385700F5EBFE /* Project object */;
			proxyType = 1;
			remoteGlobalIDString = 9AA5C7872880385700F5EBFE;
			remoteInfo = Pets;
		};
/* End PBXContainerItemProxy section */

/* Begin PBXFileReference section */
		20FACCDC867869F7C5E10D7F /* Pods-Pets-PetsUITests.debug.xcconfig */ = {isa = PBXFileReference; includeInIndex = 1; lastKnownFileType = text.xcconfig; name = "Pods-Pets-PetsUITests.debug.xcconfig"; path = "Target Support Files/Pods-Pets-PetsUITests/Pods-Pets-PetsUITests.debug.xcconfig"; sourceTree = "<group>"; };
		221F7B2B3756E5FEEDB52D2B /* Pods-Pets.debug.xcconfig */ = {isa = PBXFileReference; includeInIndex = 1; lastKnownFileType = text.xcconfig; name = "Pods-Pets.debug.xcconfig"; path = "Target Support Files/Pods-Pets/Pods-Pets.debug.xcconfig"; sourceTree = "<group>"; };
		2F4C88E351ED0CD953386FB5 /* Pods-Pets-PetsUITests.release.xcconfig */ = {isa = PBXFileReference; includeInIndex = 1; lastKnownFileType = text.xcconfig; name = "Pods-Pets-PetsUITests.release.xcconfig"; path = "Target Support Files/Pods-Pets-PetsUITests/Pods-Pets-PetsUITests.release.xcconfig"; sourceTree = "<group>"; };
		49AD18039025F66D2597A1C6 /* Pods-Pets.release.xcconfig */ = {isa = PBXFileReference; includeInIndex = 1; lastKnownFileType = text.xcconfig; name = "Pods-Pets.release.xcconfig"; path = "Target Support Files/Pods-Pets/Pods-Pets.release.xcconfig"; sourceTree = "<group>"; };
		8B1FA8598ED4586811FB56DE /* Pods_Pets.framework */ = {isa = PBXFileReference; explicitFileType = wrapper.framework; includeInIndex = 0; path = Pods_Pets.framework; sourceTree = BUILT_PRODUCTS_DIR; };
		9AA5C7882880385700F5EBFE /* Pets.app */ = {isa = PBXFileReference; explicitFileType = wrapper.application; includeInIndex = 0; path = Pets.app; sourceTree = BUILT_PRODUCTS_DIR; };
		9AA5C78B2880385700F5EBFE /* AppDelegate.swift */ = {isa = PBXFileReference; lastKnownFileType = sourcecode.swift; path = AppDelegate.swift; sourceTree = "<group>"; };
		9AA5C78D2880385700F5EBFE /* SceneDelegate.swift */ = {isa = PBXFileReference; lastKnownFileType = sourcecode.swift; path = SceneDelegate.swift; sourceTree = "<group>"; };
		9AA5C7942880385800F5EBFE /* Assets.xcassets */ = {isa = PBXFileReference; lastKnownFileType = folder.assetcatalog; path = Assets.xcassets; sourceTree = "<group>"; };
		9AA5C7972880385800F5EBFE /* Base */ = {isa = PBXFileReference; lastKnownFileType = file.storyboard; name = Base; path = Base.lproj/LaunchScreen.storyboard; sourceTree = "<group>"; };
		9AA5C7992880385800F5EBFE /* Info.plist */ = {isa = PBXFileReference; lastKnownFileType = text.plist.xml; path = Info.plist; sourceTree = "<group>"; };
		9AA5C79E2880385900F5EBFE /* PetsTests.xctest */ = {isa = PBXFileReference; explicitFileType = wrapper.cfbundle; includeInIndex = 0; path = PetsTests.xctest; sourceTree = BUILT_PRODUCTS_DIR; };
		9AA5C7A22880385900F5EBFE /* PetsTests.swift */ = {isa = PBXFileReference; lastKnownFileType = sourcecode.swift; path = PetsTests.swift; sourceTree = "<group>"; };
		9AA5C7A82880385900F5EBFE /* PetsUITests.xctest */ = {isa = PBXFileReference; explicitFileType = wrapper.cfbundle; includeInIndex = 0; path = PetsUITests.xctest; sourceTree = BUILT_PRODUCTS_DIR; };
		9AA5C7AC2880385900F5EBFE /* PetsUITests.swift */ = {isa = PBXFileReference; lastKnownFileType = sourcecode.swift; path = PetsUITests.swift; sourceTree = "<group>"; };
		9AA5C7AE2880385900F5EBFE /* PetsUITestsLaunchTests.swift */ = {isa = PBXFileReference; lastKnownFileType = sourcecode.swift; path = PetsUITestsLaunchTests.swift; sourceTree = "<group>"; };
		9AA5C7C128803DBF00F5EBFE /* AppCoordinator.swift */ = {isa = PBXFileReference; lastKnownFileType = sourcecode.swift; path = AppCoordinator.swift; sourceTree = "<group>"; };
		9AA5C7C428803E4300F5EBFE /* Coordinator.swift */ = {isa = PBXFileReference; lastKnownFileType = sourcecode.swift; path = Coordinator.swift; sourceTree = "<group>"; };
		9AA5C7C7288044EB00F5EBFE /* DebugLogger.swift */ = {isa = PBXFileReference; lastKnownFileType = sourcecode.swift; path = DebugLogger.swift; sourceTree = "<group>"; };
		9AA5C7E62884799400F5EBFE /* .gitattributes */ = {isa = PBXFileReference; lastKnownFileType = text; path = .gitattributes; sourceTree = "<group>"; };
		9AA5C7E928847A4F00F5EBFE /* GeneralNavigationController.swift */ = {isa = PBXFileReference; fileEncoding = 4; lastKnownFileType = sourcecode.swift; path = GeneralNavigationController.swift; sourceTree = "<group>"; };
		9AA5C7EC28847A5400F5EBFE /* MainCoordinator.swift */ = {isa = PBXFileReference; fileEncoding = 4; lastKnownFileType = sourcecode.swift; path = MainCoordinator.swift; sourceTree = "<group>"; };
		9AA5C7ED28847A5400F5EBFE /* MainTabBarVC.swift */ = {isa = PBXFileReference; fileEncoding = 4; lastKnownFileType = sourcecode.swift; path = MainTabBarVC.swift; sourceTree = "<group>"; };
		9AA5C7F228847A7800F5EBFE /* UIColor+Extensions.swift */ = {isa = PBXFileReference; fileEncoding = 4; lastKnownFileType = sourcecode.swift; path = "UIColor+Extensions.swift"; sourceTree = "<group>"; };
		9AA5C7F328847A7800F5EBFE /* UIViewController+Extension.swift */ = {isa = PBXFileReference; fileEncoding = 4; lastKnownFileType = sourcecode.swift; path = "UIViewController+Extension.swift"; sourceTree = "<group>"; };
		9AA5C7F428847A7800F5EBFE /* UITabBarItem+Extensions.swift */ = {isa = PBXFileReference; fileEncoding = 4; lastKnownFileType = sourcecode.swift; path = "UITabBarItem+Extensions.swift"; sourceTree = "<group>"; };
		9F640C8CA4C590E9823AF7FC /* Pods_Pets_PetsUITests.framework */ = {isa = PBXFileReference; explicitFileType = wrapper.framework; includeInIndex = 0; path = Pods_Pets_PetsUITests.framework; sourceTree = BUILT_PRODUCTS_DIR; };
		B2EC5812D011EB8EB448A274 /* Pods-PetsTests.release.xcconfig */ = {isa = PBXFileReference; includeInIndex = 1; lastKnownFileType = text.xcconfig; name = "Pods-PetsTests.release.xcconfig"; path = "Target Support Files/Pods-PetsTests/Pods-PetsTests.release.xcconfig"; sourceTree = "<group>"; };
		D5568D26F4B555C71F56E359 /* Pods-PetsTests.debug.xcconfig */ = {isa = PBXFileReference; includeInIndex = 1; lastKnownFileType = text.xcconfig; name = "Pods-PetsTests.debug.xcconfig"; path = "Target Support Files/Pods-PetsTests/Pods-PetsTests.debug.xcconfig"; sourceTree = "<group>"; };
		E562AAB952E1F9C0EE82D4B0 /* Pods_PetsTests.framework */ = {isa = PBXFileReference; explicitFileType = wrapper.framework; includeInIndex = 0; path = Pods_PetsTests.framework; sourceTree = BUILT_PRODUCTS_DIR; };
/* End PBXFileReference section */

/* Begin PBXFrameworksBuildPhase section */
		9AA5C7852880385700F5EBFE /* Frameworks */ = {
			isa = PBXFrameworksBuildPhase;
			buildActionMask = 2147483647;
			files = (
				C4267C26C88549362EF9156D /* Pods_Pets.framework in Frameworks */,
			);
			runOnlyForDeploymentPostprocessing = 0;
		};
		9AA5C79B2880385900F5EBFE /* Frameworks */ = {
			isa = PBXFrameworksBuildPhase;
			buildActionMask = 2147483647;
			files = (
				B77FCE38BDCF95A7E8E22888 /* Pods_PetsTests.framework in Frameworks */,
			);
			runOnlyForDeploymentPostprocessing = 0;
		};
		9AA5C7A52880385900F5EBFE /* Frameworks */ = {
			isa = PBXFrameworksBuildPhase;
			buildActionMask = 2147483647;
			files = (
				B5F506B62855DFD023291304 /* Pods_Pets_PetsUITests.framework in Frameworks */,
			);
			runOnlyForDeploymentPostprocessing = 0;
		};
/* End PBXFrameworksBuildPhase section */

/* Begin PBXGroup section */
		646E0C71FEAC78AF02384FFB /* Pods */ = {
			isa = PBXGroup;
			children = (
				221F7B2B3756E5FEEDB52D2B /* Pods-Pets.debug.xcconfig */,
				49AD18039025F66D2597A1C6 /* Pods-Pets.release.xcconfig */,
				20FACCDC867869F7C5E10D7F /* Pods-Pets-PetsUITests.debug.xcconfig */,
				2F4C88E351ED0CD953386FB5 /* Pods-Pets-PetsUITests.release.xcconfig */,
				D5568D26F4B555C71F56E359 /* Pods-PetsTests.debug.xcconfig */,
				B2EC5812D011EB8EB448A274 /* Pods-PetsTests.release.xcconfig */,
			);
			path = Pods;
			sourceTree = "<group>";
		};
		88709F8C059035D3027106E3 /* Frameworks */ = {
			isa = PBXGroup;
			children = (
				8B1FA8598ED4586811FB56DE /* Pods_Pets.framework */,
				9F640C8CA4C590E9823AF7FC /* Pods_Pets_PetsUITests.framework */,
				E562AAB952E1F9C0EE82D4B0 /* Pods_PetsTests.framework */,
			);
			name = Frameworks;
			sourceTree = "<group>";
		};
		9AA5C77F2880385700F5EBFE = {
			isa = PBXGroup;
			children = (
				9AA5C78A2880385700F5EBFE /* Pets */,
				9AA5C7A12880385900F5EBFE /* PetsTests */,
				9AA5C7AB2880385900F5EBFE /* PetsUITests */,
				9AA5C7892880385700F5EBFE /* Products */,
				646E0C71FEAC78AF02384FFB /* Pods */,
				88709F8C059035D3027106E3 /* Frameworks */,
			);
			sourceTree = "<group>";
		};
		9AA5C7892880385700F5EBFE /* Products */ = {
			isa = PBXGroup;
			children = (
				9AA5C7882880385700F5EBFE /* Pets.app */,
				9AA5C79E2880385900F5EBFE /* PetsTests.xctest */,
				9AA5C7A82880385900F5EBFE /* PetsUITests.xctest */,
			);
			name = Products;
			sourceTree = "<group>";
		};
		9AA5C78A2880385700F5EBFE /* Pets */ = {
			isa = PBXGroup;
			children = (
				9AA5C7C6288044D000F5EBFE /* Utilites */,
				9AA5C7C328803E3300F5EBFE /* Protocols */,
				9AA5C7C028803DA100F5EBFE /* App */,
				9AA5C7BE28803B1C00F5EBFE /* Resourse */,
				9AA5C7BC28803B0100F5EBFE /* VCs */,
				9AA5C7992880385800F5EBFE /* Info.plist */,
				9AA5C7E62884799400F5EBFE /* .gitattributes */,
			);
			path = Pets;
			sourceTree = "<group>";
		};
		9AA5C7A12880385900F5EBFE /* PetsTests */ = {
			isa = PBXGroup;
			children = (
				9AA5C7A22880385900F5EBFE /* PetsTests.swift */,
			);
			path = PetsTests;
			sourceTree = "<group>";
		};
		9AA5C7AB2880385900F5EBFE /* PetsUITests */ = {
			isa = PBXGroup;
			children = (
				9AA5C7AC2880385900F5EBFE /* PetsUITests.swift */,
				9AA5C7AE2880385900F5EBFE /* PetsUITestsLaunchTests.swift */,
			);
			path = PetsUITests;
			sourceTree = "<group>";
		};
		9AA5C7BC28803B0100F5EBFE /* VCs */ = {
			isa = PBXGroup;
			children = (
				9AA5C7F028847A5C00F5EBFE /* NewsFeed */,
				9AA5C7EB28847A5400F5EBFE /* Main */,
				9AA5C7E828847A4F00F5EBFE /* GeneralNavagationController */,
			);
			path = VCs;
			sourceTree = "<group>";
		};
		9AA5C7BE28803B1C00F5EBFE /* Resourse */ = {
			isa = PBXGroup;
			children = (
				9AA5C7942880385800F5EBFE /* Assets.xcassets */,
			);
			path = Resourse;
			sourceTree = "<group>";
		};
		9AA5C7C028803DA100F5EBFE /* App */ = {
			isa = PBXGroup;
			children = (
				9AA5C7962880385800F5EBFE /* LaunchScreen.storyboard */,
				9AA5C78D2880385700F5EBFE /* SceneDelegate.swift */,
				9AA5C78B2880385700F5EBFE /* AppDelegate.swift */,
				9AA5C7C128803DBF00F5EBFE /* AppCoordinator.swift */,
			);
			path = App;
			sourceTree = "<group>";
		};
		9AA5C7C328803E3300F5EBFE /* Protocols */ = {
			isa = PBXGroup;
			children = (
				9AA5C7C428803E4300F5EBFE /* Coordinator.swift */,
			);
			path = Protocols;
			sourceTree = "<group>";
		};
		9AA5C7C6288044D000F5EBFE /* Utilites */ = {
			isa = PBXGroup;
			children = (
				9AA5C7F128847A7800F5EBFE /* Extensions */,
				9AA5C7C7288044EB00F5EBFE /* DebugLogger.swift */,
			);
			path = Utilites;
			sourceTree = "<group>";
		};
		9AA5C7E828847A4F00F5EBFE /* GeneralNavagationController */ = {
			isa = PBXGroup;
			children = (
				9AA5C7E928847A4F00F5EBFE /* GeneralNavigationController.swift */,
			);
			path = GeneralNavagationController;
			sourceTree = "<group>";
		};
		9AA5C7EB28847A5400F5EBFE /* Main */ = {
			isa = PBXGroup;
			children = (
				9AA5C7EC28847A5400F5EBFE /* MainCoordinator.swift */,
				9AA5C7ED28847A5400F5EBFE /* MainTabBarVC.swift */,
			);
			path = Main;
			sourceTree = "<group>";
		};
		9AA5C7F028847A5C00F5EBFE /* NewsFeed */ = {
			isa = PBXGroup;
			children = (
			);
			path = NewsFeed;
			sourceTree = "<group>";
		};
		9AA5C7F128847A7800F5EBFE /* Extensions */ = {
			isa = PBXGroup;
			children = (
				9AA5C7F228847A7800F5EBFE /* UIColor+Extensions.swift */,
				9AA5C7F328847A7800F5EBFE /* UIViewController+Extension.swift */,
				9AA5C7F428847A7800F5EBFE /* UITabBarItem+Extensions.swift */,
			);
			path = Extensions;
			sourceTree = "<group>";
		};
/* End PBXGroup section */

/* Begin PBXNativeTarget section */
		9AA5C7872880385700F5EBFE /* Pets */ = {
			isa = PBXNativeTarget;
			buildConfigurationList = 9AA5C7B22880385900F5EBFE /* Build configuration list for PBXNativeTarget "Pets" */;
			buildPhases = (
				81AE855DB4FF3E925026014B /* [CP] Check Pods Manifest.lock */,
				9AA5C7842880385700F5EBFE /* Sources */,
				9AA5C7852880385700F5EBFE /* Frameworks */,
				9AA5C7862880385700F5EBFE /* Resources */,
				1032166B59F4CE85AE9F02E0 /* [CP] Embed Pods Frameworks */,
			);
			buildRules = (
			);
			dependencies = (
			);
			name = Pets;
			productName = Pets;
			productReference = 9AA5C7882880385700F5EBFE /* Pets.app */;
			productType = "com.apple.product-type.application";
		};
		9AA5C79D2880385900F5EBFE /* PetsTests */ = {
			isa = PBXNativeTarget;
			buildConfigurationList = 9AA5C7B52880385900F5EBFE /* Build configuration list for PBXNativeTarget "PetsTests" */;
			buildPhases = (
				3613877B1D3703C864D16722 /* [CP] Check Pods Manifest.lock */,
				9AA5C79A2880385900F5EBFE /* Sources */,
				9AA5C79B2880385900F5EBFE /* Frameworks */,
				9AA5C79C2880385900F5EBFE /* Resources */,
			);
			buildRules = (
			);
			dependencies = (
				9AA5C7A02880385900F5EBFE /* PBXTargetDependency */,
			);
			name = PetsTests;
			productName = PetsTests;
			productReference = 9AA5C79E2880385900F5EBFE /* PetsTests.xctest */;
			productType = "com.apple.product-type.bundle.unit-test";
		};
		9AA5C7A72880385900F5EBFE /* PetsUITests */ = {
			isa = PBXNativeTarget;
			buildConfigurationList = 9AA5C7B82880385900F5EBFE /* Build configuration list for PBXNativeTarget "PetsUITests" */;
			buildPhases = (
				84B3385C6605781A649D3B79 /* [CP] Check Pods Manifest.lock */,
				9AA5C7A42880385900F5EBFE /* Sources */,
				9AA5C7A52880385900F5EBFE /* Frameworks */,
				9AA5C7A62880385900F5EBFE /* Resources */,
				A30DE0FD9C4AB7F0B7C6B589 /* [CP] Embed Pods Frameworks */,
			);
			buildRules = (
			);
			dependencies = (
				9AA5C7AA2880385900F5EBFE /* PBXTargetDependency */,
			);
			name = PetsUITests;
			productName = PetsUITests;
			productReference = 9AA5C7A82880385900F5EBFE /* PetsUITests.xctest */;
			productType = "com.apple.product-type.bundle.ui-testing";
		};
/* End PBXNativeTarget section */

/* Begin PBXProject section */
		9AA5C7802880385700F5EBFE /* Project object */ = {
			isa = PBXProject;
			attributes = {
				BuildIndependentTargetsInParallel = 1;
				LastSwiftUpdateCheck = 1340;
				LastUpgradeCheck = 1340;
				TargetAttributes = {
					9AA5C7872880385700F5EBFE = {
						CreatedOnToolsVersion = 13.4;
					};
					9AA5C79D2880385900F5EBFE = {
						CreatedOnToolsVersion = 13.4;
						TestTargetID = 9AA5C7872880385700F5EBFE;
					};
					9AA5C7A72880385900F5EBFE = {
						CreatedOnToolsVersion = 13.4;
						TestTargetID = 9AA5C7872880385700F5EBFE;
					};
				};
			};
			buildConfigurationList = 9AA5C7832880385700F5EBFE /* Build configuration list for PBXProject "Pets" */;
			compatibilityVersion = "Xcode 13.0";
			developmentRegion = en;
			hasScannedForEncodings = 0;
			knownRegions = (
				en,
				Base,
			);
			mainGroup = 9AA5C77F2880385700F5EBFE;
			productRefGroup = 9AA5C7892880385700F5EBFE /* Products */;
			projectDirPath = "";
			projectRoot = "";
			targets = (
				9AA5C7872880385700F5EBFE /* Pets */,
				9AA5C79D2880385900F5EBFE /* PetsTests */,
				9AA5C7A72880385900F5EBFE /* PetsUITests */,
			);
		};
/* End PBXProject section */

/* Begin PBXResourcesBuildPhase section */
		9AA5C7862880385700F5EBFE /* Resources */ = {
			isa = PBXResourcesBuildPhase;
			buildActionMask = 2147483647;
			files = (
				9AA5C7982880385800F5EBFE /* LaunchScreen.storyboard in Resources */,
				9AA5C7E72884799400F5EBFE /* .gitattributes in Resources */,
				9AA5C7952880385800F5EBFE /* Assets.xcassets in Resources */,
			);
			runOnlyForDeploymentPostprocessing = 0;
		};
		9AA5C79C2880385900F5EBFE /* Resources */ = {
			isa = PBXResourcesBuildPhase;
			buildActionMask = 2147483647;
			files = (
			);
			runOnlyForDeploymentPostprocessing = 0;
		};
		9AA5C7A62880385900F5EBFE /* Resources */ = {
			isa = PBXResourcesBuildPhase;
			buildActionMask = 2147483647;
			files = (
			);
			runOnlyForDeploymentPostprocessing = 0;
		};
/* End PBXResourcesBuildPhase section */

/* Begin PBXShellScriptBuildPhase section */
		1032166B59F4CE85AE9F02E0 /* [CP] Embed Pods Frameworks */ = {
			isa = PBXShellScriptBuildPhase;
			buildActionMask = 2147483647;
			files = (
			);
			inputFileListPaths = (
				"${PODS_ROOT}/Target Support Files/Pods-Pets/Pods-Pets-frameworks-${CONFIGURATION}-input-files.xcfilelist",
			);
			name = "[CP] Embed Pods Frameworks";
			outputFileListPaths = (
				"${PODS_ROOT}/Target Support Files/Pods-Pets/Pods-Pets-frameworks-${CONFIGURATION}-output-files.xcfilelist",
			);
			runOnlyForDeploymentPostprocessing = 0;
			shellPath = /bin/sh;
			shellScript = "\"${PODS_ROOT}/Target Support Files/Pods-Pets/Pods-Pets-frameworks.sh\"\n";
			showEnvVarsInLog = 0;
		};
		3613877B1D3703C864D16722 /* [CP] Check Pods Manifest.lock */ = {
			isa = PBXShellScriptBuildPhase;
			buildActionMask = 2147483647;
			files = (
			);
			inputFileListPaths = (
			);
			inputPaths = (
				"${PODS_PODFILE_DIR_PATH}/Podfile.lock",
				"${PODS_ROOT}/Manifest.lock",
			);
			name = "[CP] Check Pods Manifest.lock";
			outputFileListPaths = (
			);
			outputPaths = (
				"$(DERIVED_FILE_DIR)/Pods-PetsTests-checkManifestLockResult.txt",
			);
			runOnlyForDeploymentPostprocessing = 0;
			shellPath = /bin/sh;
			shellScript = "diff \"${PODS_PODFILE_DIR_PATH}/Podfile.lock\" \"${PODS_ROOT}/Manifest.lock\" > /dev/null\nif [ $? != 0 ] ; then\n    # print error to STDERR\n    echo \"error: The sandbox is not in sync with the Podfile.lock. Run 'pod install' or update your CocoaPods installation.\" >&2\n    exit 1\nfi\n# This output is used by Xcode 'outputs' to avoid re-running this script phase.\necho \"SUCCESS\" > \"${SCRIPT_OUTPUT_FILE_0}\"\n";
			showEnvVarsInLog = 0;
		};
		81AE855DB4FF3E925026014B /* [CP] Check Pods Manifest.lock */ = {
			isa = PBXShellScriptBuildPhase;
			buildActionMask = 2147483647;
			files = (
			);
			inputFileListPaths = (
			);
			inputPaths = (
				"${PODS_PODFILE_DIR_PATH}/Podfile.lock",
				"${PODS_ROOT}/Manifest.lock",
			);
			name = "[CP] Check Pods Manifest.lock";
			outputFileListPaths = (
			);
			outputPaths = (
				"$(DERIVED_FILE_DIR)/Pods-Pets-checkManifestLockResult.txt",
			);
			runOnlyForDeploymentPostprocessing = 0;
			shellPath = /bin/sh;
			shellScript = "diff \"${PODS_PODFILE_DIR_PATH}/Podfile.lock\" \"${PODS_ROOT}/Manifest.lock\" > /dev/null\nif [ $? != 0 ] ; then\n    # print error to STDERR\n    echo \"error: The sandbox is not in sync with the Podfile.lock. Run 'pod install' or update your CocoaPods installation.\" >&2\n    exit 1\nfi\n# This output is used by Xcode 'outputs' to avoid re-running this script phase.\necho \"SUCCESS\" > \"${SCRIPT_OUTPUT_FILE_0}\"\n";
			showEnvVarsInLog = 0;
		};
		84B3385C6605781A649D3B79 /* [CP] Check Pods Manifest.lock */ = {
			isa = PBXShellScriptBuildPhase;
			buildActionMask = 2147483647;
			files = (
			);
			inputFileListPaths = (
			);
			inputPaths = (
				"${PODS_PODFILE_DIR_PATH}/Podfile.lock",
				"${PODS_ROOT}/Manifest.lock",
			);
			name = "[CP] Check Pods Manifest.lock";
			outputFileListPaths = (
			);
			outputPaths = (
				"$(DERIVED_FILE_DIR)/Pods-Pets-PetsUITests-checkManifestLockResult.txt",
			);
			runOnlyForDeploymentPostprocessing = 0;
			shellPath = /bin/sh;
			shellScript = "diff \"${PODS_PODFILE_DIR_PATH}/Podfile.lock\" \"${PODS_ROOT}/Manifest.lock\" > /dev/null\nif [ $? != 0 ] ; then\n    # print error to STDERR\n    echo \"error: The sandbox is not in sync with the Podfile.lock. Run 'pod install' or update your CocoaPods installation.\" >&2\n    exit 1\nfi\n# This output is used by Xcode 'outputs' to avoid re-running this script phase.\necho \"SUCCESS\" > \"${SCRIPT_OUTPUT_FILE_0}\"\n";
			showEnvVarsInLog = 0;
		};
		A30DE0FD9C4AB7F0B7C6B589 /* [CP] Embed Pods Frameworks */ = {
			isa = PBXShellScriptBuildPhase;
			buildActionMask = 2147483647;
			files = (
			);
			inputFileListPaths = (
				"${PODS_ROOT}/Target Support Files/Pods-Pets-PetsUITests/Pods-Pets-PetsUITests-frameworks-${CONFIGURATION}-input-files.xcfilelist",
			);
			name = "[CP] Embed Pods Frameworks";
			outputFileListPaths = (
				"${PODS_ROOT}/Target Support Files/Pods-Pets-PetsUITests/Pods-Pets-PetsUITests-frameworks-${CONFIGURATION}-output-files.xcfilelist",
			);
			runOnlyForDeploymentPostprocessing = 0;
			shellPath = /bin/sh;
			shellScript = "\"${PODS_ROOT}/Target Support Files/Pods-Pets-PetsUITests/Pods-Pets-PetsUITests-frameworks.sh\"\n";
			showEnvVarsInLog = 0;
		};
/* End PBXShellScriptBuildPhase section */

/* Begin PBXSourcesBuildPhase section */
		9AA5C7842880385700F5EBFE /* Sources */ = {
			isa = PBXSourcesBuildPhase;
			buildActionMask = 2147483647;
			files = (
				9AA5C7C228803DBF00F5EBFE /* AppCoordinator.swift in Sources */,
				9AA5C7EE28847A5400F5EBFE /* MainCoordinator.swift in Sources */,
				9AA5C7C8288044EB00F5EBFE /* DebugLogger.swift in Sources */,
				9AA5C7F728847A7800F5EBFE /* UITabBarItem+Extensions.swift in Sources */,
				9AA5C7C528803E4300F5EBFE /* Coordinator.swift in Sources */,
				9AA5C78C2880385700F5EBFE /* AppDelegate.swift in Sources */,
				9AA5C7EA28847A4F00F5EBFE /* GeneralNavigationController.swift in Sources */,
				9AA5C78E2880385700F5EBFE /* SceneDelegate.swift in Sources */,
				9AA5C7F528847A7800F5EBFE /* UIColor+Extensions.swift in Sources */,
				9AA5C7F628847A7800F5EBFE /* UIViewController+Extension.swift in Sources */,
				9AA5C7EF28847A5400F5EBFE /* MainTabBarVC.swift in Sources */,
			);
			runOnlyForDeploymentPostprocessing = 0;
		};
		9AA5C79A2880385900F5EBFE /* Sources */ = {
			isa = PBXSourcesBuildPhase;
			buildActionMask = 2147483647;
			files = (
				9AA5C7A32880385900F5EBFE /* PetsTests.swift in Sources */,
			);
			runOnlyForDeploymentPostprocessing = 0;
		};
		9AA5C7A42880385900F5EBFE /* Sources */ = {
			isa = PBXSourcesBuildPhase;
			buildActionMask = 2147483647;
			files = (
				9AA5C7AF2880385900F5EBFE /* PetsUITestsLaunchTests.swift in Sources */,
				9AA5C7AD2880385900F5EBFE /* PetsUITests.swift in Sources */,
			);
			runOnlyForDeploymentPostprocessing = 0;
		};
/* End PBXSourcesBuildPhase section */

/* Begin PBXTargetDependency section */
		9AA5C7A02880385900F5EBFE /* PBXTargetDependency */ = {
			isa = PBXTargetDependency;
			target = 9AA5C7872880385700F5EBFE /* Pets */;
			targetProxy = 9AA5C79F2880385900F5EBFE /* PBXContainerItemProxy */;
		};
		9AA5C7AA2880385900F5EBFE /* PBXTargetDependency */ = {
			isa = PBXTargetDependency;
			target = 9AA5C7872880385700F5EBFE /* Pets */;
			targetProxy = 9AA5C7A92880385900F5EBFE /* PBXContainerItemProxy */;
		};
/* End PBXTargetDependency section */

/* Begin PBXVariantGroup section */
		9AA5C7962880385800F5EBFE /* LaunchScreen.storyboard */ = {
			isa = PBXVariantGroup;
			children = (
				9AA5C7972880385800F5EBFE /* Base */,
			);
			name = LaunchScreen.storyboard;
			sourceTree = "<group>";
		};
/* End PBXVariantGroup section */

/* Begin XCBuildConfiguration section */
		9AA5C7B02880385900F5EBFE /* Debug */ = {
			isa = XCBuildConfiguration;
			buildSettings = {
				ALWAYS_SEARCH_USER_PATHS = NO;
				CLANG_ANALYZER_NONNULL = YES;
				CLANG_ANALYZER_NUMBER_OBJECT_CONVERSION = YES_AGGRESSIVE;
				CLANG_CXX_LANGUAGE_STANDARD = "gnu++17";
				CLANG_ENABLE_MODULES = YES;
				CLANG_ENABLE_OBJC_ARC = YES;
				CLANG_ENABLE_OBJC_WEAK = YES;
				CLANG_WARN_BLOCK_CAPTURE_AUTORELEASING = YES;
				CLANG_WARN_BOOL_CONVERSION = YES;
				CLANG_WARN_COMMA = YES;
				CLANG_WARN_CONSTANT_CONVERSION = YES;
				CLANG_WARN_DEPRECATED_OBJC_IMPLEMENTATIONS = YES;
				CLANG_WARN_DIRECT_OBJC_ISA_USAGE = YES_ERROR;
				CLANG_WARN_DOCUMENTATION_COMMENTS = YES;
				CLANG_WARN_EMPTY_BODY = YES;
				CLANG_WARN_ENUM_CONVERSION = YES;
				CLANG_WARN_INFINITE_RECURSION = YES;
				CLANG_WARN_INT_CONVERSION = YES;
				CLANG_WARN_NON_LITERAL_NULL_CONVERSION = YES;
				CLANG_WARN_OBJC_IMPLICIT_RETAIN_SELF = YES;
				CLANG_WARN_OBJC_LITERAL_CONVERSION = YES;
				CLANG_WARN_OBJC_ROOT_CLASS = YES_ERROR;
				CLANG_WARN_QUOTED_INCLUDE_IN_FRAMEWORK_HEADER = YES;
				CLANG_WARN_RANGE_LOOP_ANALYSIS = YES;
				CLANG_WARN_STRICT_PROTOTYPES = YES;
				CLANG_WARN_SUSPICIOUS_MOVE = YES;
				CLANG_WARN_UNGUARDED_AVAILABILITY = YES_AGGRESSIVE;
				CLANG_WARN_UNREACHABLE_CODE = YES;
				CLANG_WARN__DUPLICATE_METHOD_MATCH = YES;
				COPY_PHASE_STRIP = NO;
				DEBUG_INFORMATION_FORMAT = dwarf;
				ENABLE_STRICT_OBJC_MSGSEND = YES;
				ENABLE_TESTABILITY = YES;
				GCC_C_LANGUAGE_STANDARD = gnu11;
				GCC_DYNAMIC_NO_PIC = NO;
				GCC_NO_COMMON_BLOCKS = YES;
				GCC_OPTIMIZATION_LEVEL = 0;
				GCC_PREPROCESSOR_DEFINITIONS = (
					"DEBUG=1",
					"$(inherited)",
				);
				GCC_WARN_64_TO_32_BIT_CONVERSION = YES;
				GCC_WARN_ABOUT_RETURN_TYPE = YES_ERROR;
				GCC_WARN_UNDECLARED_SELECTOR = YES;
				GCC_WARN_UNINITIALIZED_AUTOS = YES_AGGRESSIVE;
				GCC_WARN_UNUSED_FUNCTION = YES;
				GCC_WARN_UNUSED_VARIABLE = YES;
				IPHONEOS_DEPLOYMENT_TARGET = 15.5;
				MTL_ENABLE_DEBUG_INFO = INCLUDE_SOURCE;
				MTL_FAST_MATH = YES;
				ONLY_ACTIVE_ARCH = YES;
				SDKROOT = iphoneos;
				SWIFT_ACTIVE_COMPILATION_CONDITIONS = DEBUG;
				SWIFT_OPTIMIZATION_LEVEL = "-Onone";
			};
			name = Debug;
		};
		9AA5C7B12880385900F5EBFE /* Release */ = {
			isa = XCBuildConfiguration;
			buildSettings = {
				ALWAYS_SEARCH_USER_PATHS = NO;
				CLANG_ANALYZER_NONNULL = YES;
				CLANG_ANALYZER_NUMBER_OBJECT_CONVERSION = YES_AGGRESSIVE;
				CLANG_CXX_LANGUAGE_STANDARD = "gnu++17";
				CLANG_ENABLE_MODULES = YES;
				CLANG_ENABLE_OBJC_ARC = YES;
				CLANG_ENABLE_OBJC_WEAK = YES;
				CLANG_WARN_BLOCK_CAPTURE_AUTORELEASING = YES;
				CLANG_WARN_BOOL_CONVERSION = YES;
				CLANG_WARN_COMMA = YES;
				CLANG_WARN_CONSTANT_CONVERSION = YES;
				CLANG_WARN_DEPRECATED_OBJC_IMPLEMENTATIONS = YES;
				CLANG_WARN_DIRECT_OBJC_ISA_USAGE = YES_ERROR;
				CLANG_WARN_DOCUMENTATION_COMMENTS = YES;
				CLANG_WARN_EMPTY_BODY = YES;
				CLANG_WARN_ENUM_CONVERSION = YES;
				CLANG_WARN_INFINITE_RECURSION = YES;
				CLANG_WARN_INT_CONVERSION = YES;
				CLANG_WARN_NON_LITERAL_NULL_CONVERSION = YES;
				CLANG_WARN_OBJC_IMPLICIT_RETAIN_SELF = YES;
				CLANG_WARN_OBJC_LITERAL_CONVERSION = YES;
				CLANG_WARN_OBJC_ROOT_CLASS = YES_ERROR;
				CLANG_WARN_QUOTED_INCLUDE_IN_FRAMEWORK_HEADER = YES;
				CLANG_WARN_RANGE_LOOP_ANALYSIS = YES;
				CLANG_WARN_STRICT_PROTOTYPES = YES;
				CLANG_WARN_SUSPICIOUS_MOVE = YES;
				CLANG_WARN_UNGUARDED_AVAILABILITY = YES_AGGRESSIVE;
				CLANG_WARN_UNREACHABLE_CODE = YES;
				CLANG_WARN__DUPLICATE_METHOD_MATCH = YES;
				COPY_PHASE_STRIP = NO;
				DEBUG_INFORMATION_FORMAT = "dwarf-with-dsym";
				ENABLE_NS_ASSERTIONS = NO;
				ENABLE_STRICT_OBJC_MSGSEND = YES;
				GCC_C_LANGUAGE_STANDARD = gnu11;
				GCC_NO_COMMON_BLOCKS = YES;
				GCC_WARN_64_TO_32_BIT_CONVERSION = YES;
				GCC_WARN_ABOUT_RETURN_TYPE = YES_ERROR;
				GCC_WARN_UNDECLARED_SELECTOR = YES;
				GCC_WARN_UNINITIALIZED_AUTOS = YES_AGGRESSIVE;
				GCC_WARN_UNUSED_FUNCTION = YES;
				GCC_WARN_UNUSED_VARIABLE = YES;
				IPHONEOS_DEPLOYMENT_TARGET = 15.5;
				MTL_ENABLE_DEBUG_INFO = NO;
				MTL_FAST_MATH = YES;
				SDKROOT = iphoneos;
				SWIFT_COMPILATION_MODE = wholemodule;
				SWIFT_OPTIMIZATION_LEVEL = "-O";
				VALIDATE_PRODUCT = YES;
			};
			name = Release;
		};
		9AA5C7B32880385900F5EBFE /* Debug */ = {
			isa = XCBuildConfiguration;
			baseConfigurationReference = 221F7B2B3756E5FEEDB52D2B /* Pods-Pets.debug.xcconfig */;
			buildSettings = {
				ASSETCATALOG_COMPILER_APPICON_NAME = AppIcon;
				ASSETCATALOG_COMPILER_GLOBAL_ACCENT_COLOR_NAME = AccentColor;
				CODE_SIGN_STYLE = Automatic;
				CURRENT_PROJECT_VERSION = 1;
				DEVELOPMENT_TEAM = V729GPG2UB;
				GENERATE_INFOPLIST_FILE = YES;
				INFOPLIST_FILE = Pets/Info.plist;
				INFOPLIST_KEY_UIApplicationSupportsIndirectInputEvents = YES;
				INFOPLIST_KEY_UILaunchStoryboardName = LaunchScreen;
				INFOPLIST_KEY_UISupportedInterfaceOrientations_iPad = "UIInterfaceOrientationPortrait UIInterfaceOrientationPortraitUpsideDown UIInterfaceOrientationLandscapeLeft UIInterfaceOrientationLandscapeRight";
				INFOPLIST_KEY_UISupportedInterfaceOrientations_iPhone = "UIInterfaceOrientationPortrait UIInterfaceOrientationLandscapeLeft UIInterfaceOrientationLandscapeRight";
				LD_RUNPATH_SEARCH_PATHS = (
					"$(inherited)",
					"@executable_path/Frameworks",
				);
				MARKETING_VERSION = 1.0;
				PRODUCT_BUNDLE_IDENTIFIER = com.seven.pets;
				PRODUCT_NAME = "$(TARGET_NAME)";
				SWIFT_EMIT_LOC_STRINGS = YES;
				SWIFT_VERSION = 5.0;
				TARGETED_DEVICE_FAMILY = "1,2";
			};
			name = Debug;
		};
		9AA5C7B42880385900F5EBFE /* Release */ = {
			isa = XCBuildConfiguration;
			baseConfigurationReference = 49AD18039025F66D2597A1C6 /* Pods-Pets.release.xcconfig */;
			buildSettings = {
				ASSETCATALOG_COMPILER_APPICON_NAME = AppIcon;
				ASSETCATALOG_COMPILER_GLOBAL_ACCENT_COLOR_NAME = AccentColor;
				CODE_SIGN_STYLE = Automatic;
				CURRENT_PROJECT_VERSION = 1;
				DEVELOPMENT_TEAM = V729GPG2UB;
				GENERATE_INFOPLIST_FILE = YES;
				INFOPLIST_FILE = Pets/Info.plist;
				INFOPLIST_KEY_UIApplicationSupportsIndirectInputEvents = YES;
				INFOPLIST_KEY_UILaunchStoryboardName = LaunchScreen;
				INFOPLIST_KEY_UISupportedInterfaceOrientations_iPad = "UIInterfaceOrientationPortrait UIInterfaceOrientationPortraitUpsideDown UIInterfaceOrientationLandscapeLeft UIInterfaceOrientationLandscapeRight";
				INFOPLIST_KEY_UISupportedInterfaceOrientations_iPhone = "UIInterfaceOrientationPortrait UIInterfaceOrientationLandscapeLeft UIInterfaceOrientationLandscapeRight";
				LD_RUNPATH_SEARCH_PATHS = (
					"$(inherited)",
					"@executable_path/Frameworks",
				);
				MARKETING_VERSION = 1.0;
				PRODUCT_BUNDLE_IDENTIFIER = com.seven.pets;
				PRODUCT_NAME = "$(TARGET_NAME)";
				SWIFT_EMIT_LOC_STRINGS = YES;
				SWIFT_VERSION = 5.0;
				TARGETED_DEVICE_FAMILY = "1,2";
			};
			name = Release;
		};
		9AA5C7B62880385900F5EBFE /* Debug */ = {
			isa = XCBuildConfiguration;
			baseConfigurationReference = D5568D26F4B555C71F56E359 /* Pods-PetsTests.debug.xcconfig */;
			buildSettings = {
				ALWAYS_EMBED_SWIFT_STANDARD_LIBRARIES = YES;
				BUNDLE_LOADER = "$(TEST_HOST)";
				CODE_SIGN_STYLE = Automatic;
				CURRENT_PROJECT_VERSION = 1;
				DEVELOPMENT_TEAM = V729GPG2UB;
				GENERATE_INFOPLIST_FILE = YES;
				IPHONEOS_DEPLOYMENT_TARGET = 15.5;
				MARKETING_VERSION = 1.0;
				PRODUCT_BUNDLE_IDENTIFIER = com.seven.pets.PetsTests;
				PRODUCT_NAME = "$(TARGET_NAME)";
				SWIFT_EMIT_LOC_STRINGS = NO;
				SWIFT_VERSION = 5.0;
				TARGETED_DEVICE_FAMILY = "1,2";
				TEST_HOST = "$(BUILT_PRODUCTS_DIR)/Pets.app/Pets";
			};
			name = Debug;
		};
		9AA5C7B72880385900F5EBFE /* Release */ = {
			isa = XCBuildConfiguration;
			baseConfigurationReference = B2EC5812D011EB8EB448A274 /* Pods-PetsTests.release.xcconfig */;
			buildSettings = {
				ALWAYS_EMBED_SWIFT_STANDARD_LIBRARIES = YES;
				BUNDLE_LOADER = "$(TEST_HOST)";
				CODE_SIGN_STYLE = Automatic;
				CURRENT_PROJECT_VERSION = 1;
				DEVELOPMENT_TEAM = V729GPG2UB;
				GENERATE_INFOPLIST_FILE = YES;
				IPHONEOS_DEPLOYMENT_TARGET = 15.5;
				MARKETING_VERSION = 1.0;
				PRODUCT_BUNDLE_IDENTIFIER = com.seven.pets.PetsTests;
				PRODUCT_NAME = "$(TARGET_NAME)";
				SWIFT_EMIT_LOC_STRINGS = NO;
				SWIFT_VERSION = 5.0;
				TARGETED_DEVICE_FAMILY = "1,2";
				TEST_HOST = "$(BUILT_PRODUCTS_DIR)/Pets.app/Pets";
			};
			name = Release;
		};
		9AA5C7B92880385900F5EBFE /* Debug */ = {
			isa = XCBuildConfiguration;
			baseConfigurationReference = 20FACCDC867869F7C5E10D7F /* Pods-Pets-PetsUITests.debug.xcconfig */;
			buildSettings = {
				ALWAYS_EMBED_SWIFT_STANDARD_LIBRARIES = YES;
				CODE_SIGN_STYLE = Automatic;
				CURRENT_PROJECT_VERSION = 1;
				DEVELOPMENT_TEAM = V729GPG2UB;
				GENERATE_INFOPLIST_FILE = YES;
				MARKETING_VERSION = 1.0;
				PRODUCT_BUNDLE_IDENTIFIER = com.seven.pets.PetsUITests;
				PRODUCT_NAME = "$(TARGET_NAME)";
				SWIFT_EMIT_LOC_STRINGS = NO;
				SWIFT_VERSION = 5.0;
				TARGETED_DEVICE_FAMILY = "1,2";
				TEST_TARGET_NAME = Pets;
			};
			name = Debug;
		};
		9AA5C7BA2880385900F5EBFE /* Release */ = {
			isa = XCBuildConfiguration;
			baseConfigurationReference = 2F4C88E351ED0CD953386FB5 /* Pods-Pets-PetsUITests.release.xcconfig */;
			buildSettings = {
				ALWAYS_EMBED_SWIFT_STANDARD_LIBRARIES = YES;
				CODE_SIGN_STYLE = Automatic;
				CURRENT_PROJECT_VERSION = 1;
				DEVELOPMENT_TEAM = V729GPG2UB;
				GENERATE_INFOPLIST_FILE = YES;
				MARKETING_VERSION = 1.0;
				PRODUCT_BUNDLE_IDENTIFIER = com.seven.pets.PetsUITests;
				PRODUCT_NAME = "$(TARGET_NAME)";
				SWIFT_EMIT_LOC_STRINGS = NO;
				SWIFT_VERSION = 5.0;
				TARGETED_DEVICE_FAMILY = "1,2";
				TEST_TARGET_NAME = Pets;
			};
			name = Release;
		};
/* End XCBuildConfiguration section */

/* Begin XCConfigurationList section */
		9AA5C7832880385700F5EBFE /* Build configuration list for PBXProject "Pets" */ = {
			isa = XCConfigurationList;
			buildConfigurations = (
				9AA5C7B02880385900F5EBFE /* Debug */,
				9AA5C7B12880385900F5EBFE /* Release */,
			);
			defaultConfigurationIsVisible = 0;
			defaultConfigurationName = Release;
		};
		9AA5C7B22880385900F5EBFE /* Build configuration list for PBXNativeTarget "Pets" */ = {
			isa = XCConfigurationList;
			buildConfigurations = (
				9AA5C7B32880385900F5EBFE /* Debug */,
				9AA5C7B42880385900F5EBFE /* Release */,
			);
			defaultConfigurationIsVisible = 0;
			defaultConfigurationName = Release;
		};
		9AA5C7B52880385900F5EBFE /* Build configuration list for PBXNativeTarget "PetsTests" */ = {
			isa = XCConfigurationList;
			buildConfigurations = (
				9AA5C7B62880385900F5EBFE /* Debug */,
				9AA5C7B72880385900F5EBFE /* Release */,
			);
			defaultConfigurationIsVisible = 0;
			defaultConfigurationName = Release;
		};
		9AA5C7B82880385900F5EBFE /* Build configuration list for PBXNativeTarget "PetsUITests" */ = {
			isa = XCConfigurationList;
			buildConfigurations = (
				9AA5C7B92880385900F5EBFE /* Debug */,
				9AA5C7BA2880385900F5EBFE /* Release */,
			);
			defaultConfigurationIsVisible = 0;
			defaultConfigurationName = Release;
		};
/* End XCConfigurationList section */
	};
	rootObject = 9AA5C7802880385700F5EBFE /* Project object */;
}
