// !$*UTF8*$!
{
	archiveVersion = 1;
	classes = {
	};
	objectVersion = 51;
	objects = {

/* Begin PBXBuildFile section */
		0CECDDD1E3BA794F6C307A13 /* MainTabBarVC.swift in Sources */ = {isa = PBXBuildFile; fileRef = D4A89C059D546501BC174331 /* MainTabBarVC.swift */; };
		0D572983A91DB78FE8C3B737 /* SceneDelegate.swift in Sources */ = {isa = PBXBuildFile; fileRef = 41D846482F95653F03A3E0B9 /* SceneDelegate.swift */; };
		1EF28E2D4802E7A629398903 /* Pods_Pets.framework in Frameworks */ = {isa = PBXBuildFile; fileRef = 856F3563EF5AB419DEB30FFA /* Pods_Pets.framework */; };
		2B3ECF437200574DED95D4C3 /* DebugLogger.swift in Sources */ = {isa = PBXBuildFile; fileRef = 8B103FB055FF4756A2C5C313 /* DebugLogger.swift */; };
		3CB9614492516D412311471D /* LaunchScreen.storyboard in Resources */ = {isa = PBXBuildFile; fileRef = E2D81606CC6BECE2DD58EB03 /* LaunchScreen.storyboard */; };
		5D5DA197BAAA7B6895A16D07 /* Assets.xcassets in Resources */ = {isa = PBXBuildFile; fileRef = FDDEFF083706D55A3907D124 /* Assets.xcassets */; };
		621F1797E70EE43DF7DEF4B9 /* AppDelegate.swift in Sources */ = {isa = PBXBuildFile; fileRef = AE6033EA1A865E7A9D304CA0 /* AppDelegate.swift */; };
		654B081ACA697395B9EF4971 /* UIColor+Extensions.swift in Sources */ = {isa = PBXBuildFile; fileRef = 133E5D5D5D064D3083734C16 /* UIColor+Extensions.swift */; };
		6B828DD4660DAFF42A775C79 /* MainCoordinator.swift in Sources */ = {isa = PBXBuildFile; fileRef = 2430973CE0B7CAD64092A169 /* MainCoordinator.swift */; };
		71DE02766656BC883F167D99 /* UIViewController+Extension.swift in Sources */ = {isa = PBXBuildFile; fileRef = B51A88E12D9D0E743EDB9F2C /* UIViewController+Extension.swift */; };
		A127C166CB95005908F0A540 /* UITableViewCell+Extensions.swift in Sources */ = {isa = PBXBuildFile; fileRef = C2224B32CEBE49B61AD44132 /* UITableViewCell+Extensions.swift */; };
		C18BD4FDA4AD44C8D84B5875 /* AppCoordinator.swift in Sources */ = {isa = PBXBuildFile; fileRef = C6CFC72E0407863F2F9250AC /* AppCoordinator.swift */; };
		C904729AAD3DEDC8ED060C28 /* UITabBarItem+Extensions.swift in Sources */ = {isa = PBXBuildFile; fileRef = 8F3AE340FB35F2DE45D0832B /* UITabBarItem+Extensions.swift */; };
		DF262A0D51E91A6C66B95950 /* GeneralNavigationController.swift in Sources */ = {isa = PBXBuildFile; fileRef = A1166C9732A92180E1B6B46B /* GeneralNavigationController.swift */; };
		F32F7CCAF40A708463222E42 /* Coordinator.swift in Sources */ = {isa = PBXBuildFile; fileRef = C283FDFD8FB164F7BE9C9F29 /* Coordinator.swift */; };
/* End PBXBuildFile section */

/* Begin PBXFileReference section */
		0BA5125F181C11FF78659CD8 /* Info.plist */ = {isa = PBXFileReference; lastKnownFileType = text.plist; path = Info.plist; sourceTree = "<group>"; };
		133E5D5D5D064D3083734C16 /* UIColor+Extensions.swift */ = {isa = PBXFileReference; lastKnownFileType = sourcecode.swift; path = "UIColor+Extensions.swift"; sourceTree = "<group>"; };
		2430973CE0B7CAD64092A169 /* MainCoordinator.swift */ = {isa = PBXFileReference; lastKnownFileType = sourcecode.swift; path = MainCoordinator.swift; sourceTree = "<group>"; };
		41D846482F95653F03A3E0B9 /* SceneDelegate.swift */ = {isa = PBXFileReference; lastKnownFileType = sourcecode.swift; path = SceneDelegate.swift; sourceTree = "<group>"; };
		61EB7FFFB66C06A7339CE443 /* Pods-Pets.release.xcconfig */ = {isa = PBXFileReference; includeInIndex = 1; lastKnownFileType = text.xcconfig; name = "Pods-Pets.release.xcconfig"; path = "Target Support Files/Pods-Pets/Pods-Pets.release.xcconfig"; sourceTree = "<group>"; };
		726D44EDC4B404802BECA806 /* Pets.app */ = {isa = PBXFileReference; includeInIndex = 0; lastKnownFileType = wrapper.application; path = Pets.app; sourceTree = BUILT_PRODUCTS_DIR; };
		856F3563EF5AB419DEB30FFA /* Pods_Pets.framework */ = {isa = PBXFileReference; explicitFileType = wrapper.framework; includeInIndex = 0; path = Pods_Pets.framework; sourceTree = BUILT_PRODUCTS_DIR; };
		8B103FB055FF4756A2C5C313 /* DebugLogger.swift */ = {isa = PBXFileReference; lastKnownFileType = sourcecode.swift; path = DebugLogger.swift; sourceTree = "<group>"; };
		8F3AE340FB35F2DE45D0832B /* UITabBarItem+Extensions.swift */ = {isa = PBXFileReference; lastKnownFileType = sourcecode.swift; path = "UITabBarItem+Extensions.swift"; sourceTree = "<group>"; };
		A1166C9732A92180E1B6B46B /* GeneralNavigationController.swift */ = {isa = PBXFileReference; lastKnownFileType = sourcecode.swift; path = GeneralNavigationController.swift; sourceTree = "<group>"; };
		AE6033EA1A865E7A9D304CA0 /* AppDelegate.swift */ = {isa = PBXFileReference; lastKnownFileType = sourcecode.swift; path = AppDelegate.swift; sourceTree = "<group>"; };
		B51A88E12D9D0E743EDB9F2C /* UIViewController+Extension.swift */ = {isa = PBXFileReference; lastKnownFileType = sourcecode.swift; path = "UIViewController+Extension.swift"; sourceTree = "<group>"; };
		C2224B32CEBE49B61AD44132 /* UITableViewCell+Extensions.swift */ = {isa = PBXFileReference; lastKnownFileType = sourcecode.swift; path = "UITableViewCell+Extensions.swift"; sourceTree = "<group>"; };
		C283FDFD8FB164F7BE9C9F29 /* Coordinator.swift */ = {isa = PBXFileReference; lastKnownFileType = sourcecode.swift; path = Coordinator.swift; sourceTree = "<group>"; };
		C6CFC72E0407863F2F9250AC /* AppCoordinator.swift */ = {isa = PBXFileReference; lastKnownFileType = sourcecode.swift; path = AppCoordinator.swift; sourceTree = "<group>"; };
		D4A89C059D546501BC174331 /* MainTabBarVC.swift */ = {isa = PBXFileReference; lastKnownFileType = sourcecode.swift; path = MainTabBarVC.swift; sourceTree = "<group>"; };
		DDF5318277AAB66F1B34A5D2 /* Pods-Pets.debug.xcconfig */ = {isa = PBXFileReference; includeInIndex = 1; lastKnownFileType = text.xcconfig; name = "Pods-Pets.debug.xcconfig"; path = "Target Support Files/Pods-Pets/Pods-Pets.debug.xcconfig"; sourceTree = "<group>"; };
		E65EC84DA244B899F0F25579 /* Base */ = {isa = PBXFileReference; lastKnownFileType = file.storyboard; name = Base; path = Base.lproj/LaunchScreen.storyboard; sourceTree = "<group>"; };
		FDDEFF083706D55A3907D124 /* Assets.xcassets */ = {isa = PBXFileReference; lastKnownFileType = folder.assetcatalog; path = Assets.xcassets; sourceTree = "<group>"; };
		FE2779C42E3E74F67C7A8342 /* .gitattributes */ = {isa = PBXFileReference; path = .gitattributes; sourceTree = "<group>"; };
/* End PBXFileReference section */

/* Begin PBXFrameworksBuildPhase section */
		85BCC35371A3801103EB9CBB /* Frameworks */ = {
			isa = PBXFrameworksBuildPhase;
			buildActionMask = 2147483647;
			files = (
				1EF28E2D4802E7A629398903 /* Pods_Pets.framework in Frameworks */,
			);
			runOnlyForDeploymentPostprocessing = 0;
		};
/* End PBXFrameworksBuildPhase section */

/* Begin PBXGroup section */
		1236500B50F2E98CE05B39F8 = {
			isa = PBXGroup;
			children = (
				BB4795B25189A130DBE6AF8F /* Pets */,
				7D8CDC8E9E9476020BE1D1D9 /* Products */,
				C0983E4BFF6643A2F2AF5DE9 /* Pods */,
				1AF5CB807EDC742D7979A4CE /* Frameworks */,
			);
			indentWidth = 4;
			sourceTree = "<group>";
			tabWidth = 4;
		};
		1AF5CB807EDC742D7979A4CE /* Frameworks */ = {
			isa = PBXGroup;
			children = (
				856F3563EF5AB419DEB30FFA /* Pods_Pets.framework */,
			);
			name = Frameworks;
			sourceTree = "<group>";
		};
		2DDF3D411148F8723C915517 /* Utilites */ = {
			isa = PBXGroup;
			children = (
				8B103FB055FF4756A2C5C313 /* DebugLogger.swift */,
				A06ADFFFF716AAD195F0AB18 /* Extensions */,
				6B3FEDE328E5CF2060ECCD9F /* Protocols */,
			);
			path = Utilites;
			sourceTree = "<group>";
		};
		3F0B44E3BB23D50D67142FAD /* GeneralNavagationController */ = {
			isa = PBXGroup;
			children = (
				A1166C9732A92180E1B6B46B /* GeneralNavigationController.swift */,
			);
			path = GeneralNavagationController;
			sourceTree = "<group>";
		};
		5E9BC3AFFD350CBC19975393 /* Main */ = {
			isa = PBXGroup;
			children = (
				2430973CE0B7CAD64092A169 /* MainCoordinator.swift */,
				D4A89C059D546501BC174331 /* MainTabBarVC.swift */,
			);
			path = Main;
			sourceTree = "<group>";
		};
		6B3FEDE328E5CF2060ECCD9F /* Protocols */ = {
			isa = PBXGroup;
			children = (
				C283FDFD8FB164F7BE9C9F29 /* Coordinator.swift */,
			);
			path = Protocols;
			sourceTree = "<group>";
		};
		7046EF5A93652EE679F5DAAB /* Resourses */ = {
			isa = PBXGroup;
			children = (
				FDDEFF083706D55A3907D124 /* Assets.xcassets */,
			);
			path = Resourses;
			sourceTree = "<group>";
		};
		7D8CDC8E9E9476020BE1D1D9 /* Products */ = {
			isa = PBXGroup;
			children = (
				726D44EDC4B404802BECA806 /* Pets.app */,
			);
			name = Products;
			sourceTree = "<group>";
		};
		A06ADFFFF716AAD195F0AB18 /* Extensions */ = {
			isa = PBXGroup;
			children = (
				133E5D5D5D064D3083734C16 /* UIColor+Extensions.swift */,
				8F3AE340FB35F2DE45D0832B /* UITabBarItem+Extensions.swift */,
				C2224B32CEBE49B61AD44132 /* UITableViewCell+Extensions.swift */,
				B51A88E12D9D0E743EDB9F2C /* UIViewController+Extension.swift */,
			);
			path = Extensions;
			sourceTree = "<group>";
		};
		BB4795B25189A130DBE6AF8F /* Pets */ = {
			isa = PBXGroup;
			children = (
				FE2779C42E3E74F67C7A8342 /* .gitattributes */,
				0BA5125F181C11FF78659CD8 /* Info.plist */,
				E5AE1C27CBE0D8C9304B51B8 /* App */,
				7046EF5A93652EE679F5DAAB /* Resourses */,
				FBA601DB5E88010C7AD62796 /* Scenes */,
				2DDF3D411148F8723C915517 /* Utilites */,
			);
			path = Pets;
			sourceTree = "<group>";
		};
		C0983E4BFF6643A2F2AF5DE9 /* Pods */ = {
			isa = PBXGroup;
			children = (
				DDF5318277AAB66F1B34A5D2 /* Pods-Pets.debug.xcconfig */,
				61EB7FFFB66C06A7339CE443 /* Pods-Pets.release.xcconfig */,
			);
			name = Pods;
			path = Pods;
			sourceTree = "<group>";
		};
		E5AE1C27CBE0D8C9304B51B8 /* App */ = {
			isa = PBXGroup;
			children = (
				C6CFC72E0407863F2F9250AC /* AppCoordinator.swift */,
				AE6033EA1A865E7A9D304CA0 /* AppDelegate.swift */,
				E2D81606CC6BECE2DD58EB03 /* LaunchScreen.storyboard */,
				41D846482F95653F03A3E0B9 /* SceneDelegate.swift */,
			);
			path = App;
			sourceTree = "<group>";
		};
		FBA601DB5E88010C7AD62796 /* Scenes */ = {
			isa = PBXGroup;
			children = (
				3F0B44E3BB23D50D67142FAD /* GeneralNavagationController */,
				5E9BC3AFFD350CBC19975393 /* Main */,
			);
			path = Scenes;
			sourceTree = "<group>";
		};
/* End PBXGroup section */

/* Begin PBXNativeTarget section */
		EEA0BDEA2753C8E56EA8E1F7 /* Pets */ = {
			isa = PBXNativeTarget;
			buildConfigurationList = 90EF54BDDC5D33BEB98671A3 /* Build configuration list for PBXNativeTarget "Pets" */;
			buildPhases = (
				F6A1C977579DC9EE917BEAAE /* [CP] Check Pods Manifest.lock */,
				05CB510AA8C0A0C9AC05C416 /* Sources */,
				DF8E605B0F3239F336C4660F /* Resources */,
				85BCC35371A3801103EB9CBB /* Frameworks */,
				CC57460A108DCD0E24E27112 /* [CP] Embed Pods Frameworks */,
			);
			buildRules = (
			);
			dependencies = (
			);
			name = Pets;
			productName = Pets;
			productReference = 726D44EDC4B404802BECA806 /* Pets.app */;
			productType = "com.apple.product-type.application";
		};
/* End PBXNativeTarget section */

/* Begin PBXProject section */
		F46381F8B8C5426E5595540A /* Project object */ = {
			isa = PBXProject;
			attributes = {
				LastUpgradeCheck = 1340;
				TargetAttributes = {
				};
			};
			buildConfigurationList = 2D22628856208648996F6DD9 /* Build configuration list for PBXProject "Pets" */;
			compatibilityVersion = "Xcode 11.0";
			developmentRegion = en;
			hasScannedForEncodings = 0;
			knownRegions = (
				Base,
				en,
			);
			mainGroup = 1236500B50F2E98CE05B39F8;
			productRefGroup = 7D8CDC8E9E9476020BE1D1D9 /* Products */;
			projectDirPath = "";
			projectRoot = "";
			targets = (
				EEA0BDEA2753C8E56EA8E1F7 /* Pets */,
			);
		};
/* End PBXProject section */

/* Begin PBXResourcesBuildPhase section */
		DF8E605B0F3239F336C4660F /* Resources */ = {
			isa = PBXResourcesBuildPhase;
			buildActionMask = 2147483647;
			files = (
				5D5DA197BAAA7B6895A16D07 /* Assets.xcassets in Resources */,
				3CB9614492516D412311471D /* LaunchScreen.storyboard in Resources */,
			);
			runOnlyForDeploymentPostprocessing = 0;
		};
/* End PBXResourcesBuildPhase section */

/* Begin PBXShellScriptBuildPhase section */
		CC57460A108DCD0E24E27112 /* [CP] Embed Pods Frameworks */ = {
			isa = PBXShellScriptBuildPhase;
			buildActionMask = 2147483647;
			files = (
			);
			inputFileListPaths = (
				"${PODS_ROOT}/Target Support Files/Pods-Pets/Pods-Pets-frameworks-${CONFIGURATION}-input-files.xcfilelist",
			);
			name = "[CP] Embed Pods Frameworks";
			outputFileListPaths = (
				"${PODS_ROOT}/Target Support Files/Pods-Pets/Pods-Pets-frameworks-${CONFIGURATION}-output-files.xcfilelist",
			);
			runOnlyForDeploymentPostprocessing = 0;
			shellPath = /bin/sh;
			shellScript = "\"${PODS_ROOT}/Target Support Files/Pods-Pets/Pods-Pets-frameworks.sh\"\n";
			showEnvVarsInLog = 0;
		};
		F6A1C977579DC9EE917BEAAE /* [CP] Check Pods Manifest.lock */ = {
			isa = PBXShellScriptBuildPhase;
			buildActionMask = 2147483647;
			files = (
			);
			inputFileListPaths = (
			);
			inputPaths = (
				"${PODS_PODFILE_DIR_PATH}/Podfile.lock",
				"${PODS_ROOT}/Manifest.lock",
			);
			name = "[CP] Check Pods Manifest.lock";
			outputFileListPaths = (
			);
			outputPaths = (
				"$(DERIVED_FILE_DIR)/Pods-Pets-checkManifestLockResult.txt",
			);
			runOnlyForDeploymentPostprocessing = 0;
			shellPath = /bin/sh;
			shellScript = "diff \"${PODS_PODFILE_DIR_PATH}/Podfile.lock\" \"${PODS_ROOT}/Manifest.lock\" > /dev/null\nif [ $? != 0 ] ; then\n    # print error to STDERR\n    echo \"error: The sandbox is not in sync with the Podfile.lock. Run 'pod install' or update your CocoaPods installation.\" >&2\n    exit 1\nfi\n# This output is used by Xcode 'outputs' to avoid re-running this script phase.\necho \"SUCCESS\" > \"${SCRIPT_OUTPUT_FILE_0}\"\n";
			showEnvVarsInLog = 0;
		};
/* End PBXShellScriptBuildPhase section */

/* Begin PBXSourcesBuildPhase section */
		05CB510AA8C0A0C9AC05C416 /* Sources */ = {
			isa = PBXSourcesBuildPhase;
			buildActionMask = 2147483647;
			files = (
				C18BD4FDA4AD44C8D84B5875 /* AppCoordinator.swift in Sources */,
				621F1797E70EE43DF7DEF4B9 /* AppDelegate.swift in Sources */,
				F32F7CCAF40A708463222E42 /* Coordinator.swift in Sources */,
				2B3ECF437200574DED95D4C3 /* DebugLogger.swift in Sources */,
				DF262A0D51E91A6C66B95950 /* GeneralNavigationController.swift in Sources */,
				6B828DD4660DAFF42A775C79 /* MainCoordinator.swift in Sources */,
				0CECDDD1E3BA794F6C307A13 /* MainTabBarVC.swift in Sources */,
				0D572983A91DB78FE8C3B737 /* SceneDelegate.swift in Sources */,
				654B081ACA697395B9EF4971 /* UIColor+Extensions.swift in Sources */,
				C904729AAD3DEDC8ED060C28 /* UITabBarItem+Extensions.swift in Sources */,
				A127C166CB95005908F0A540 /* UITableViewCell+Extensions.swift in Sources */,
				71DE02766656BC883F167D99 /* UIViewController+Extension.swift in Sources */,
			);
			runOnlyForDeploymentPostprocessing = 0;
		};
/* End PBXSourcesBuildPhase section */

/* Begin PBXVariantGroup section */
		E2D81606CC6BECE2DD58EB03 /* LaunchScreen.storyboard */ = {
			isa = PBXVariantGroup;
			children = (
				E65EC84DA244B899F0F25579 /* Base */,
			);
			name = LaunchScreen.storyboard;
			sourceTree = "<group>";
		};
/* End PBXVariantGroup section */

/* Begin XCBuildConfiguration section */
		2D0E84AFCDE638F937F0D572 /* Debug */ = {
			isa = XCBuildConfiguration;
			baseConfigurationReference = DDF5318277AAB66F1B34A5D2 /* Pods-Pets.debug.xcconfig */;
			buildSettings = {
				ASSETCATALOG_COMPILER_APPICON_NAME = AppIcon;
				CODE_SIGN_IDENTITY = "iPhone Developer";
				CURRENT_PROJECT_VERSION = 0;
				INFOPLIST_FILE = Pets/Info.plist;
				IPHONEOS_DEPLOYMENT_TARGET = 15.0;
				LD_RUNPATH_SEARCH_PATHS = (
					"$(inherited)",
					"@executable_path/Frameworks",
				);
				MARKETING_VERSION = 1.0.0;
				PRODUCT_BUNDLE_IDENTIFIER = com.seven.pets;
				SDKROOT = iphoneos;
				TARGETED_DEVICE_FAMILY = "1,2";
			};
			name = Debug;
		};
		9511725A0D0DDC2F9735FEA9 /* Release */ = {
			isa = XCBuildConfiguration;
			baseConfigurationReference = 61EB7FFFB66C06A7339CE443 /* Pods-Pets.release.xcconfig */;
			buildSettings = {
				ASSETCATALOG_COMPILER_APPICON_NAME = AppIcon;
				CODE_SIGN_IDENTITY = "iPhone Developer";
				CURRENT_PROJECT_VERSION = 0;
				INFOPLIST_FILE = Pets/Info.plist;
				IPHONEOS_DEPLOYMENT_TARGET = 15.0;
				LD_RUNPATH_SEARCH_PATHS = (
					"$(inherited)",
					"@executable_path/Frameworks",
				);
				MARKETING_VERSION = 1.0.0;
				PRODUCT_BUNDLE_IDENTIFIER = com.seven.pets;
				SDKROOT = iphoneos;
				TARGETED_DEVICE_FAMILY = "1,2";
			};
			name = Release;
		};
		A2EC195C061B384E72A19A01 /* Debug */ = {
			isa = XCBuildConfiguration;
			buildSettings = {
				ALWAYS_SEARCH_USER_PATHS = NO;
				CLANG_ANALYZER_NONNULL = YES;
				CLANG_ANALYZER_NUMBER_OBJECT_CONVERSION = YES_AGGRESSIVE;
				CLANG_CXX_LANGUAGE_STANDARD = "gnu++14";
				CLANG_CXX_LIBRARY = "libc++";
				CLANG_ENABLE_MODULES = YES;
				CLANG_ENABLE_OBJC_ARC = YES;
				CLANG_ENABLE_OBJC_WEAK = YES;
				CLANG_WARN_BLOCK_CAPTURE_AUTORELEASING = YES;
				CLANG_WARN_BOOL_CONVERSION = YES;
				CLANG_WARN_COMMA = YES;
				CLANG_WARN_CONSTANT_CONVERSION = YES;
				CLANG_WARN_DEPRECATED_OBJC_IMPLEMENTATIONS = YES;
				CLANG_WARN_DIRECT_OBJC_ISA_USAGE = YES_ERROR;
				CLANG_WARN_DOCUMENTATION_COMMENTS = YES;
				CLANG_WARN_EMPTY_BODY = YES;
				CLANG_WARN_ENUM_CONVERSION = YES;
				CLANG_WARN_INFINITE_RECURSION = YES;
				CLANG_WARN_INT_CONVERSION = YES;
				CLANG_WARN_NON_LITERAL_NULL_CONVERSION = YES;
				CLANG_WARN_OBJC_IMPLICIT_RETAIN_SELF = YES;
				CLANG_WARN_OBJC_LITERAL_CONVERSION = YES;
				CLANG_WARN_OBJC_ROOT_CLASS = YES_ERROR;
				CLANG_WARN_QUOTED_INCLUDE_IN_FRAMEWORK_HEADER = YES;
				CLANG_WARN_RANGE_LOOP_ANALYSIS = YES;
				CLANG_WARN_STRICT_PROTOTYPES = YES;
				CLANG_WARN_SUSPICIOUS_MOVE = YES;
				CLANG_WARN_UNGUARDED_AVAILABILITY = YES_AGGRESSIVE;
				CLANG_WARN_UNREACHABLE_CODE = YES;
				CLANG_WARN__DUPLICATE_METHOD_MATCH = YES;
				COPY_PHASE_STRIP = NO;
				DEBUG_INFORMATION_FORMAT = dwarf;
				ENABLE_STRICT_OBJC_MSGSEND = YES;
				ENABLE_TESTABILITY = YES;
				GCC_C_LANGUAGE_STANDARD = gnu11;
				GCC_DYNAMIC_NO_PIC = NO;
				GCC_NO_COMMON_BLOCKS = YES;
				GCC_OPTIMIZATION_LEVEL = 0;
				GCC_PREPROCESSOR_DEFINITIONS = (
					"$(inherited)",
					"DEBUG=1",
				);
				GCC_WARN_64_TO_32_BIT_CONVERSION = YES;
				GCC_WARN_ABOUT_RETURN_TYPE = YES_ERROR;
				GCC_WARN_UNDECLARED_SELECTOR = YES;
				GCC_WARN_UNINITIALIZED_AUTOS = YES_AGGRESSIVE;
				GCC_WARN_UNUSED_FUNCTION = YES;
				GCC_WARN_UNUSED_VARIABLE = YES;
				MTL_ENABLE_DEBUG_INFO = INCLUDE_SOURCE;
				MTL_FAST_MATH = YES;
				ONLY_ACTIVE_ARCH = YES;
				PRODUCT_NAME = "$(TARGET_NAME)";
				SDKROOT = iphoneos;
				SWIFT_ACTIVE_COMPILATION_CONDITIONS = DEBUG;
				SWIFT_OPTIMIZATION_LEVEL = "-Onone";
				SWIFT_VERSION = 5.0;
			};
			name = Debug;
		};
		A60B4EF356957E5073C1B4F6 /* Release */ = {
			isa = XCBuildConfiguration;
			buildSettings = {
				ALWAYS_SEARCH_USER_PATHS = NO;
				CLANG_ANALYZER_NONNULL = YES;
				CLANG_ANALYZER_NUMBER_OBJECT_CONVERSION = YES_AGGRESSIVE;
				CLANG_CXX_LANGUAGE_STANDARD = "gnu++14";
				CLANG_CXX_LIBRARY = "libc++";
				CLANG_ENABLE_MODULES = YES;
				CLANG_ENABLE_OBJC_ARC = YES;
				CLANG_ENABLE_OBJC_WEAK = YES;
				CLANG_WARN_BLOCK_CAPTURE_AUTORELEASING = YES;
				CLANG_WARN_BOOL_CONVERSION = YES;
				CLANG_WARN_COMMA = YES;
				CLANG_WARN_CONSTANT_CONVERSION = YES;
				CLANG_WARN_DEPRECATED_OBJC_IMPLEMENTATIONS = YES;
				CLANG_WARN_DIRECT_OBJC_ISA_USAGE = YES_ERROR;
				CLANG_WARN_DOCUMENTATION_COMMENTS = YES;
				CLANG_WARN_EMPTY_BODY = YES;
				CLANG_WARN_ENUM_CONVERSION = YES;
				CLANG_WARN_INFINITE_RECURSION = YES;
				CLANG_WARN_INT_CONVERSION = YES;
				CLANG_WARN_NON_LITERAL_NULL_CONVERSION = YES;
				CLANG_WARN_OBJC_IMPLICIT_RETAIN_SELF = YES;
				CLANG_WARN_OBJC_LITERAL_CONVERSION = YES;
				CLANG_WARN_OBJC_ROOT_CLASS = YES_ERROR;
				CLANG_WARN_QUOTED_INCLUDE_IN_FRAMEWORK_HEADER = YES;
				CLANG_WARN_RANGE_LOOP_ANALYSIS = YES;
				CLANG_WARN_STRICT_PROTOTYPES = YES;
				CLANG_WARN_SUSPICIOUS_MOVE = YES;
				CLANG_WARN_UNGUARDED_AVAILABILITY = YES_AGGRESSIVE;
				CLANG_WARN_UNREACHABLE_CODE = YES;
				CLANG_WARN__DUPLICATE_METHOD_MATCH = YES;
				COPY_PHASE_STRIP = NO;
				DEBUG_INFORMATION_FORMAT = "dwarf-with-dsym";
				ENABLE_NS_ASSERTIONS = NO;
				ENABLE_STRICT_OBJC_MSGSEND = YES;
				GCC_C_LANGUAGE_STANDARD = gnu11;
				GCC_NO_COMMON_BLOCKS = YES;
				GCC_WARN_64_TO_32_BIT_CONVERSION = YES;
				GCC_WARN_ABOUT_RETURN_TYPE = YES_ERROR;
				GCC_WARN_UNDECLARED_SELECTOR = YES;
				GCC_WARN_UNINITIALIZED_AUTOS = YES_AGGRESSIVE;
				GCC_WARN_UNUSED_FUNCTION = YES;
				GCC_WARN_UNUSED_VARIABLE = YES;
				MTL_ENABLE_DEBUG_INFO = NO;
				MTL_FAST_MATH = YES;
				PRODUCT_NAME = "$(TARGET_NAME)";
				SDKROOT = iphoneos;
				SWIFT_COMPILATION_MODE = wholemodule;
				SWIFT_OPTIMIZATION_LEVEL = "-O";
				SWIFT_VERSION = 5.0;
			};
			name = Release;
		};
/* End XCBuildConfiguration section */

/* Begin XCConfigurationList section */
		2D22628856208648996F6DD9 /* Build configuration list for PBXProject "Pets" */ = {
			isa = XCConfigurationList;
			buildConfigurations = (
				A2EC195C061B384E72A19A01 /* Debug */,
				A60B4EF356957E5073C1B4F6 /* Release */,
			);
			defaultConfigurationIsVisible = 0;
			defaultConfigurationName = Debug;
		};
		90EF54BDDC5D33BEB98671A3 /* Build configuration list for PBXNativeTarget "Pets" */ = {
			isa = XCConfigurationList;
			buildConfigurations = (
				2D0E84AFCDE638F937F0D572 /* Debug */,
				9511725A0D0DDC2F9735FEA9 /* Release */,
			);
			defaultConfigurationIsVisible = 0;
			defaultConfigurationName = Debug;
		};
/* End XCConfigurationList section */
	};
	rootObject = F46381F8B8C5426E5595540A /* Project object */;
}
