// !$*UTF8*$!
{
	archiveVersion = 1;
	classes = {
	};
	objectVersion = 55;
	objects = {

/* Begin PBXBuildFile section */
		9AA5C78C2880385700F5EBFE /* AppDelegate.swift in Sources */ = {isa = PBXBuildFile; fileRef = 9AA5C78B2880385700F5EBFE /* AppDelegate.swift */; };
		9AA5C78E2880385700F5EBFE /* SceneDelegate.swift in Sources */ = {isa = PBXBuildFile; fileRef = 9AA5C78D2880385700F5EBFE /* SceneDelegate.swift */; };
		9AA5C7902880385700F5EBFE /* ViewController.swift in Sources */ = {isa = PBXBuildFile; fileRef = 9AA5C78F2880385700F5EBFE /* ViewController.swift */; };
		9AA5C7932880385700F5EBFE /* Main.storyboard in Resources */ = {isa = PBXBuildFile; fileRef = 9AA5C7912880385700F5EBFE /* Main.storyboard */; };
		9AA5C7952880385800F5EBFE /* Assets.xcassets in Resources */ = {isa = PBXBuildFile; fileRef = 9AA5C7942880385800F5EBFE /* Assets.xcassets */; };
		9AA5C7982880385800F5EBFE /* LaunchScreen.storyboard in Resources */ = {isa = PBXBuildFile; fileRef = 9AA5C7962880385800F5EBFE /* LaunchScreen.storyboard */; };
		9AA5C7A32880385900F5EBFE /* PetsTests.swift in Sources */ = {isa = PBXBuildFile; fileRef = 9AA5C7A22880385900F5EBFE /* PetsTests.swift */; };
		9AA5C7AD2880385900F5EBFE /* PetsUITests.swift in Sources */ = {isa = PBXBuildFile; fileRef = 9AA5C7AC2880385900F5EBFE /* PetsUITests.swift */; };
		9AA5C7AF2880385900F5EBFE /* PetsUITestsLaunchTests.swift in Sources */ = {isa = PBXBuildFile; fileRef = 9AA5C7AE2880385900F5EBFE /* PetsUITestsLaunchTests.swift */; };
/* End PBXBuildFile section */

/* Begin PBXContainerItemProxy section */
		9AA5C79F2880385900F5EBFE /* PBXContainerItemProxy */ = {
			isa = PBXContainerItemProxy;
			containerPortal = 9AA5C7802880385700F5EBFE /* Project object */;
			proxyType = 1;
			remoteGlobalIDString = 9AA5C7872880385700F5EBFE;
			remoteInfo = Pets;
		};
		9AA5C7A92880385900F5EBFE /* PBXContainerItemProxy */ = {
			isa = PBXContainerItemProxy;
			containerPortal = 9AA5C7802880385700F5EBFE /* Project object */;
			proxyType = 1;
			remoteGlobalIDString = 9AA5C7872880385700F5EBFE;
			remoteInfo = Pets;
		};
/* End PBXContainerItemProxy section */

/* Begin PBXFileReference section */
		9AA5C7882880385700F5EBFE /* Pets.app */ = {isa = PBXFileReference; explicitFileType = wrapper.application; includeInIndex = 0; path = Pets.app; sourceTree = BUILT_PRODUCTS_DIR; };
		9AA5C78B2880385700F5EBFE /* AppDelegate.swift */ = {isa = PBXFileReference; lastKnownFileType = sourcecode.swift; path = AppDelegate.swift; sourceTree = "<group>"; };
		9AA5C78D2880385700F5EBFE /* SceneDelegate.swift */ = {isa = PBXFileReference; lastKnownFileType = sourcecode.swift; path = SceneDelegate.swift; sourceTree = "<group>"; };
		9AA5C78F2880385700F5EBFE /* ViewController.swift */ = {isa = PBXFileReference; lastKnownFileType = sourcecode.swift; path = ViewController.swift; sourceTree = "<group>"; };
		9AA5C7922880385700F5EBFE /* Base */ = {isa = PBXFileReference; lastKnownFileType = file.storyboard; name = Base; path = Base.lproj/Main.storyboard; sourceTree = "<group>"; };
		9AA5C7942880385800F5EBFE /* Assets.xcassets */ = {isa = PBXFileReference; lastKnownFileType = folder.assetcatalog; path = Assets.xcassets; sourceTree = "<group>"; };
		9AA5C7972880385800F5EBFE /* Base */ = {isa = PBXFileReference; lastKnownFileType = file.storyboard; name = Base; path = Base.lproj/LaunchScreen.storyboard; sourceTree = "<group>"; };
		9AA5C7992880385800F5EBFE /* Info.plist */ = {isa = PBXFileReference; lastKnownFileType = text.plist.xml; path = Info.plist; sourceTree = "<group>"; };
		9AA5C79E2880385900F5EBFE /* PetsTests.xctest */ = {isa = PBXFileReference; explicitFileType = wrapper.cfbundle; includeInIndex = 0; path = PetsTests.xctest; sourceTree = BUILT_PRODUCTS_DIR; };
		9AA5C7A22880385900F5EBFE /* PetsTests.swift */ = {isa = PBXFileReference; lastKnownFileType = sourcecode.swift; path = PetsTests.swift; sourceTree = "<group>"; };
		9AA5C7A82880385900F5EBFE /* PetsUITests.xctest */ = {isa = PBXFileReference; explicitFileType = wrapper.cfbundle; includeInIndex = 0; path = PetsUITests.xctest; sourceTree = BUILT_PRODUCTS_DIR; };
		9AA5C7AC2880385900F5EBFE /* PetsUITests.swift */ = {isa = PBXFileReference; lastKnownFileType = sourcecode.swift; path = PetsUITests.swift; sourceTree = "<group>"; };
		9AA5C7AE2880385900F5EBFE /* PetsUITestsLaunchTests.swift */ = {isa = PBXFileReference; lastKnownFileType = sourcecode.swift; path = PetsUITestsLaunchTests.swift; sourceTree = "<group>"; };
/* End PBXFileReference section */

/* Begin PBXFrameworksBuildPhase section */
		9AA5C7852880385700F5EBFE /* Frameworks */ = {
			isa = PBXFrameworksBuildPhase;
			buildActionMask = 2147483647;
			files = (
			);
			runOnlyForDeploymentPostprocessing = 0;
		};
		9AA5C79B2880385900F5EBFE /* Frameworks */ = {
			isa = PBXFrameworksBuildPhase;
			buildActionMask = 2147483647;
			files = (
			);
			runOnlyForDeploymentPostprocessing = 0;
		};
		9AA5C7A52880385900F5EBFE /* Frameworks */ = {
			isa = PBXFrameworksBuildPhase;
			buildActionMask = 2147483647;
			files = (
			);
			runOnlyForDeploymentPostprocessing = 0;
		};
/* End PBXFrameworksBuildPhase section */

/* Begin PBXGroup section */
		9AA5C77F2880385700F5EBFE = {
			isa = PBXGroup;
			children = (
				9AA5C78A2880385700F5EBFE /* Pets */,
				9AA5C7A12880385900F5EBFE /* PetsTests */,
				9AA5C7AB2880385900F5EBFE /* PetsUITests */,
				9AA5C7892880385700F5EBFE /* Products */,
			);
			sourceTree = "<group>";
		};
		9AA5C7892880385700F5EBFE /* Products */ = {
			isa = PBXGroup;
			children = (
				9AA5C7882880385700F5EBFE /* Pets.app */,
				9AA5C79E2880385900F5EBFE /* PetsTests.xctest */,
				9AA5C7A82880385900F5EBFE /* PetsUITests.xctest */,
			);
			name = Products;
			sourceTree = "<group>";
		};
		9AA5C78A2880385700F5EBFE /* Pets */ = {
			isa = PBXGroup;
			children = (
				9AA5C78B2880385700F5EBFE /* AppDelegate.swift */,
				9AA5C78D2880385700F5EBFE /* SceneDelegate.swift */,
				9AA5C78F2880385700F5EBFE /* ViewController.swift */,
				9AA5C7912880385700F5EBFE /* Main.storyboard */,
				9AA5C7942880385800F5EBFE /* Assets.xcassets */,
				9AA5C7962880385800F5EBFE /* LaunchScreen.storyboard */,
				9AA5C7992880385800F5EBFE /* Info.plist */,
			);
			path = Pets;
			sourceTree = "<group>";
		};
		9AA5C7A12880385900F5EBFE /* PetsTests */ = {
			isa = PBXGroup;
			children = (
				9AA5C7A22880385900F5EBFE /* PetsTests.swift */,
			);
			path = PetsTests;
			sourceTree = "<group>";
		};
		9AA5C7AB2880385900F5EBFE /* PetsUITests */ = {
			isa = PBXGroup;
			children = (
				9AA5C7AC2880385900F5EBFE /* PetsUITests.swift */,
				9AA5C7AE2880385900F5EBFE /* PetsUITestsLaunchTests.swift */,
			);
			path = PetsUITests;
			sourceTree = "<group>";
		};
/* End PBXGroup section */

/* Begin PBXNativeTarget section */
		9AA5C7872880385700F5EBFE /* Pets */ = {
			isa = PBXNativeTarget;
			buildConfigurationList = 9AA5C7B22880385900F5EBFE /* Build configuration list for PBXNativeTarget "Pets" */;
			buildPhases = (
				9AA5C7842880385700F5EBFE /* Sources */,
				9AA5C7852880385700F5EBFE /* Frameworks */,
				9AA5C7862880385700F5EBFE /* Resources */,
			);
			buildRules = (
			);
			dependencies = (
			);
			name = Pets;
			productName = Pets;
			productReference = 9AA5C7882880385700F5EBFE /* Pets.app */;
			productType = "com.apple.product-type.application";
		};
		9AA5C79D2880385900F5EBFE /* PetsTests */ = {
			isa = PBXNativeTarget;
			buildConfigurationList = 9AA5C7B52880385900F5EBFE /* Build configuration list for PBXNativeTarget "PetsTests" */;
			buildPhases = (
				9AA5C79A2880385900F5EBFE /* Sources */,
				9AA5C79B2880385900F5EBFE /* Frameworks */,
				9AA5C79C2880385900F5EBFE /* Resources */,
			);
			buildRules = (
			);
			dependencies = (
				9AA5C7A02880385900F5EBFE /* PBXTargetDependency */,
			);
			name = PetsTests;
			productName = PetsTests;
			productReference = 9AA5C79E2880385900F5EBFE /* PetsTests.xctest */;
			productType = "com.apple.product-type.bundle.unit-test";
		};
		9AA5C7A72880385900F5EBFE /* PetsUITests */ = {
			isa = PBXNativeTarget;
			buildConfigurationList = 9AA5C7B82880385900F5EBFE /* Build configuration list for PBXNativeTarget "PetsUITests" */;
			buildPhases = (
				9AA5C7A42880385900F5EBFE /* Sources */,
				9AA5C7A52880385900F5EBFE /* Frameworks */,
				9AA5C7A62880385900F5EBFE /* Resources */,
			);
			buildRules = (
			);
			dependencies = (
				9AA5C7AA2880385900F5EBFE /* PBXTargetDependency */,
			);
			name = PetsUITests;
			productName = PetsUITests;
			productReference = 9AA5C7A82880385900F5EBFE /* PetsUITests.xctest */;
			productType = "com.apple.product-type.bundle.ui-testing";
		};
/* End PBXNativeTarget section */

/* Begin PBXProject section */
		9AA5C7802880385700F5EBFE /* Project object */ = {
			isa = PBXProject;
			attributes = {
				BuildIndependentTargetsInParallel = 1;
				LastSwiftUpdateCheck = 1340;
				LastUpgradeCheck = 1340;
				TargetAttributes = {
					9AA5C7872880385700F5EBFE = {
						CreatedOnToolsVersion = 13.4;
					};
					9AA5C79D2880385900F5EBFE = {
						CreatedOnToolsVersion = 13.4;
						TestTargetID = 9AA5C7872880385700F5EBFE;
					};
					9AA5C7A72880385900F5EBFE = {
						CreatedOnToolsVersion = 13.4;
						TestTargetID = 9AA5C7872880385700F5EBFE;
					};
				};
			};
			buildConfigurationList = 9AA5C7832880385700F5EBFE /* Build configuration list for PBXProject "Pets" */;
			compatibilityVersion = "Xcode 13.0";
			developmentRegion = en;
			hasScannedForEncodings = 0;
			knownRegions = (
				en,
				Base,
			);
			mainGroup = 9AA5C77F2880385700F5EBFE;
			productRefGroup = 9AA5C7892880385700F5EBFE /* Products */;
			projectDirPath = "";
			projectRoot = "";
			targets = (
				9AA5C7872880385700F5EBFE /* Pets */,
				9AA5C79D2880385900F5EBFE /* PetsTests */,
				9AA5C7A72880385900F5EBFE /* PetsUITests */,
			);
		};
/* End PBXProject section */

/* Begin PBXResourcesBuildPhase section */
		9AA5C7862880385700F5EBFE /* Resources */ = {
			isa = PBXResourcesBuildPhase;
			buildActionMask = 2147483647;
			files = (
				9AA5C7982880385800F5EBFE /* LaunchScreen.storyboard in Resources */,
				9AA5C7952880385800F5EBFE /* Assets.xcassets in Resources */,
				9AA5C7932880385700F5EBFE /* Main.storyboard in Resources */,
			);
			runOnlyForDeploymentPostprocessing = 0;
		};
		9AA5C79C2880385900F5EBFE /* Resources */ = {
			isa = PBXResourcesBuildPhase;
			buildActionMask = 2147483647;
			files = (
			);
			runOnlyForDeploymentPostprocessing = 0;
		};
		9AA5C7A62880385900F5EBFE /* Resources */ = {
			isa = PBXResourcesBuildPhase;
			buildActionMask = 2147483647;
			files = (
			);
			runOnlyForDeploymentPostprocessing = 0;
		};
/* End PBXResourcesBuildPhase section */

/* Begin PBXSourcesBuildPhase section */
		9AA5C7842880385700F5EBFE /* Sources */ = {
			isa = PBXSourcesBuildPhase;
			buildActionMask = 2147483647;
			files = (
				9AA5C7902880385700F5EBFE /* ViewController.swift in Sources */,
				9AA5C78C2880385700F5EBFE /* AppDelegate.swift in Sources */,
				9AA5C78E2880385700F5EBFE /* SceneDelegate.swift in Sources */,
			);
			runOnlyForDeploymentPostprocessing = 0;
		};
		9AA5C79A2880385900F5EBFE /* Sources */ = {
			isa = PBXSourcesBuildPhase;
			buildActionMask = 2147483647;
			files = (
				9AA5C7A32880385900F5EBFE /* PetsTests.swift in Sources */,
			);
			runOnlyForDeploymentPostprocessing = 0;
		};
		9AA5C7A42880385900F5EBFE /* Sources */ = {
			isa = PBXSourcesBuildPhase;
			buildActionMask = 2147483647;
			files = (
				9AA5C7AF2880385900F5EBFE /* PetsUITestsLaunchTests.swift in Sources */,
				9AA5C7AD2880385900F5EBFE /* PetsUITests.swift in Sources */,
			);
			runOnlyForDeploymentPostprocessing = 0;
		};
/* End PBXSourcesBuildPhase section */

/* Begin PBXTargetDependency section */
		9AA5C7A02880385900F5EBFE /* PBXTargetDependency */ = {
			isa = PBXTargetDependency;
			target = 9AA5C7872880385700F5EBFE /* Pets */;
			targetProxy = 9AA5C79F2880385900F5EBFE /* PBXContainerItemProxy */;
		};
		9AA5C7AA2880385900F5EBFE /* PBXTargetDependency */ = {
			isa = PBXTargetDependency;
			target = 9AA5C7872880385700F5EBFE /* Pets */;
			targetProxy = 9AA5C7A92880385900F5EBFE /* PBXContainerItemProxy */;
		};
/* End PBXTargetDependency section */

/* Begin PBXVariantGroup section */
		9AA5C7912880385700F5EBFE /* Main.storyboard */ = {
			isa = PBXVariantGroup;
			children = (
				9AA5C7922880385700F5EBFE /* Base */,
			);
			name = Main.storyboard;
			sourceTree = "<group>";
		};
		9AA5C7962880385800F5EBFE /* LaunchScreen.storyboard */ = {
			isa = PBXVariantGroup;
			children = (
				9AA5C7972880385800F5EBFE /* Base */,
			);
			name = LaunchScreen.storyboard;
			sourceTree = "<group>";
		};
/* End PBXVariantGroup section */

/* Begin XCBuildConfiguration section */
		9AA5C7B02880385900F5EBFE /* Debug */ = {
			isa = XCBuildConfiguration;
			buildSettings = {
				ALWAYS_SEARCH_USER_PATHS = NO;
				CLANG_ANALYZER_NONNULL = YES;
				CLANG_ANALYZER_NUMBER_OBJECT_CONVERSION = YES_AGGRESSIVE;
				CLANG_CXX_LANGUAGE_STANDARD = "gnu++17";
				CLANG_ENABLE_MODULES = YES;
				CLANG_ENABLE_OBJC_ARC = YES;
				CLANG_ENABLE_OBJC_WEAK = YES;
				CLANG_WARN_BLOCK_CAPTURE_AUTORELEASING = YES;
				CLANG_WARN_BOOL_CONVERSION = YES;
				CLANG_WARN_COMMA = YES;
				CLANG_WARN_CONSTANT_CONVERSION = YES;
				CLANG_WARN_DEPRECATED_OBJC_IMPLEMENTATIONS = YES;
				CLANG_WARN_DIRECT_OBJC_ISA_USAGE = YES_ERROR;
				CLANG_WARN_DOCUMENTATION_COMMENTS = YES;
				CLANG_WARN_EMPTY_BODY = YES;
				CLANG_WARN_ENUM_CONVERSION = YES;
				CLANG_WARN_INFINITE_RECURSION = YES;
				CLANG_WARN_INT_CONVERSION = YES;
				CLANG_WARN_NON_LITERAL_NULL_CONVERSION = YES;
				CLANG_WARN_OBJC_IMPLICIT_RETAIN_SELF = YES;
				CLANG_WARN_OBJC_LITERAL_CONVERSION = YES;
				CLANG_WARN_OBJC_ROOT_CLASS = YES_ERROR;
				CLANG_WARN_QUOTED_INCLUDE_IN_FRAMEWORK_HEADER = YES;
				CLANG_WARN_RANGE_LOOP_ANALYSIS = YES;
				CLANG_WARN_STRICT_PROTOTYPES = YES;
				CLANG_WARN_SUSPICIOUS_MOVE = YES;
				CLANG_WARN_UNGUARDED_AVAILABILITY = YES_AGGRESSIVE;
				CLANG_WARN_UNREACHABLE_CODE = YES;
				CLANG_WARN__DUPLICATE_METHOD_MATCH = YES;
				COPY_PHASE_STRIP = NO;
				DEBUG_INFORMATION_FORMAT = dwarf;
				ENABLE_STRICT_OBJC_MSGSEND = YES;
				ENABLE_TESTABILITY = YES;
				GCC_C_LANGUAGE_STANDARD = gnu11;
				GCC_DYNAMIC_NO_PIC = NO;
				GCC_NO_COMMON_BLOCKS = YES;
				GCC_OPTIMIZATION_LEVEL = 0;
				GCC_PREPROCESSOR_DEFINITIONS = (
					"DEBUG=1",
					"$(inherited)",
				);
				GCC_WARN_64_TO_32_BIT_CONVERSION = YES;
				GCC_WARN_ABOUT_RETURN_TYPE = YES_ERROR;
				GCC_WARN_UNDECLARED_SELECTOR = YES;
				GCC_WARN_UNINITIALIZED_AUTOS = YES_AGGRESSIVE;
				GCC_WARN_UNUSED_FUNCTION = YES;
				GCC_WARN_UNUSED_VARIABLE = YES;
				IPHONEOS_DEPLOYMENT_TARGET = 15.5;
				MTL_ENABLE_DEBUG_INFO = INCLUDE_SOURCE;
				MTL_FAST_MATH = YES;
				ONLY_ACTIVE_ARCH = YES;
				SDKROOT = iphoneos;
				SWIFT_ACTIVE_COMPILATION_CONDITIONS = DEBUG;
				SWIFT_OPTIMIZATION_LEVEL = "-Onone";
			};
			name = Debug;
		};
		9AA5C7B12880385900F5EBFE /* Release */ = {
			isa = XCBuildConfiguration;
			buildSettings = {
				ALWAYS_SEARCH_USER_PATHS = NO;
				CLANG_ANALYZER_NONNULL = YES;
				CLANG_ANALYZER_NUMBER_OBJECT_CONVERSION = YES_AGGRESSIVE;
				CLANG_CXX_LANGUAGE_STANDARD = "gnu++17";
				CLANG_ENABLE_MODULES = YES;
				CLANG_ENABLE_OBJC_ARC = YES;
				CLANG_ENABLE_OBJC_WEAK = YES;
				CLANG_WARN_BLOCK_CAPTURE_AUTORELEASING = YES;
				CLANG_WARN_BOOL_CONVERSION = YES;
				CLANG_WARN_COMMA = YES;
				CLANG_WARN_CONSTANT_CONVERSION = YES;
				CLANG_WARN_DEPRECATED_OBJC_IMPLEMENTATIONS = YES;
				CLANG_WARN_DIRECT_OBJC_ISA_USAGE = YES_ERROR;
				CLANG_WARN_DOCUMENTATION_COMMENTS = YES;
				CLANG_WARN_EMPTY_BODY = YES;
				CLANG_WARN_ENUM_CONVERSION = YES;
				CLANG_WARN_INFINITE_RECURSION = YES;
				CLANG_WARN_INT_CONVERSION = YES;
				CLANG_WARN_NON_LITERAL_NULL_CONVERSION = YES;
				CLANG_WARN_OBJC_IMPLICIT_RETAIN_SELF = YES;
				CLANG_WARN_OBJC_LITERAL_CONVERSION = YES;
				CLANG_WARN_OBJC_ROOT_CLASS = YES_ERROR;
				CLANG_WARN_QUOTED_INCLUDE_IN_FRAMEWORK_HEADER = YES;
				CLANG_WARN_RANGE_LOOP_ANALYSIS = YES;
				CLANG_WARN_STRICT_PROTOTYPES = YES;
				CLANG_WARN_SUSPICIOUS_MOVE = YES;
				CLANG_WARN_UNGUARDED_AVAILABILITY = YES_AGGRESSIVE;
				CLANG_WARN_UNREACHABLE_CODE = YES;
				CLANG_WARN__DUPLICATE_METHOD_MATCH = YES;
				COPY_PHASE_STRIP = NO;
				DEBUG_INFORMATION_FORMAT = "dwarf-with-dsym";
				ENABLE_NS_ASSERTIONS = NO;
				ENABLE_STRICT_OBJC_MSGSEND = YES;
				GCC_C_LANGUAGE_STANDARD = gnu11;
				GCC_NO_COMMON_BLOCKS = YES;
				GCC_WARN_64_TO_32_BIT_CONVERSION = YES;
				GCC_WARN_ABOUT_RETURN_TYPE = YES_ERROR;
				GCC_WARN_UNDECLARED_SELECTOR = YES;
				GCC_WARN_UNINITIALIZED_AUTOS = YES_AGGRESSIVE;
				GCC_WARN_UNUSED_FUNCTION = YES;
				GCC_WARN_UNUSED_VARIABLE = YES;
				IPHONEOS_DEPLOYMENT_TARGET = 15.5;
				MTL_ENABLE_DEBUG_INFO = NO;
				MTL_FAST_MATH = YES;
				SDKROOT = iphoneos;
				SWIFT_COMPILATION_MODE = wholemodule;
				SWIFT_OPTIMIZATION_LEVEL = "-O";
				VALIDATE_PRODUCT = YES;
			};
			name = Release;
		};
		9AA5C7B32880385900F5EBFE /* Debug */ = {
			isa = XCBuildConfiguration;
			buildSettings = {
				ASSETCATALOG_COMPILER_APPICON_NAME = AppIcon;
				ASSETCATALOG_COMPILER_GLOBAL_ACCENT_COLOR_NAME = AccentColor;
				CODE_SIGN_STYLE = Automatic;
				CURRENT_PROJECT_VERSION = 1;
				DEVELOPMENT_TEAM = V729GPG2UB;
				GENERATE_INFOPLIST_FILE = YES;
				INFOPLIST_FILE = Pets/Info.plist;
				INFOPLIST_KEY_UIApplicationSupportsIndirectInputEvents = YES;
				INFOPLIST_KEY_UILaunchStoryboardName = LaunchScreen;
				INFOPLIST_KEY_UIMainStoryboardFile = Main;
				INFOPLIST_KEY_UISupportedInterfaceOrientations_iPad = "UIInterfaceOrientationPortrait UIInterfaceOrientationPortraitUpsideDown UIInterfaceOrientationLandscapeLeft UIInterfaceOrientationLandscapeRight";
				INFOPLIST_KEY_UISupportedInterfaceOrientations_iPhone = "UIInterfaceOrientationPortrait UIInterfaceOrientationLandscapeLeft UIInterfaceOrientationLandscapeRight";
				LD_RUNPATH_SEARCH_PATHS = (
					"$(inherited)",
					"@executable_path/Frameworks",
				);
				MARKETING_VERSION = 1.0;
				PRODUCT_BUNDLE_IDENTIFIER = com.seven.pets.Pets;
				PRODUCT_NAME = "$(TARGET_NAME)";
				SWIFT_EMIT_LOC_STRINGS = YES;
				SWIFT_VERSION = 5.0;
				TARGETED_DEVICE_FAMILY = "1,2";
			};
			name = Debug;
		};
		9AA5C7B42880385900F5EBFE /* Release */ = {
			isa = XCBuildConfiguration;
			buildSettings = {
				ASSETCATALOG_COMPILER_APPICON_NAME = AppIcon;
				ASSETCATALOG_COMPILER_GLOBAL_ACCENT_COLOR_NAME = AccentColor;
				CODE_SIGN_STYLE = Automatic;
				CURRENT_PROJECT_VERSION = 1;
				DEVELOPMENT_TEAM = V729GPG2UB;
				GENERATE_INFOPLIST_FILE = YES;
				INFOPLIST_FILE = Pets/Info.plist;
				INFOPLIST_KEY_UIApplicationSupportsIndirectInputEvents = YES;
				INFOPLIST_KEY_UILaunchStoryboardName = LaunchScreen;
				INFOPLIST_KEY_UIMainStoryboardFile = Main;
				INFOPLIST_KEY_UISupportedInterfaceOrientations_iPad = "UIInterfaceOrientationPortrait UIInterfaceOrientationPortraitUpsideDown UIInterfaceOrientationLandscapeLeft UIInterfaceOrientationLandscapeRight";
				INFOPLIST_KEY_UISupportedInterfaceOrientations_iPhone = "UIInterfaceOrientationPortrait UIInterfaceOrientationLandscapeLeft UIInterfaceOrientationLandscapeRight";
				LD_RUNPATH_SEARCH_PATHS = (
					"$(inherited)",
					"@executable_path/Frameworks",
				);
				MARKETING_VERSION = 1.0;
				PRODUCT_BUNDLE_IDENTIFIER = com.seven.pets.Pets;
				PRODUCT_NAME = "$(TARGET_NAME)";
				SWIFT_EMIT_LOC_STRINGS = YES;
				SWIFT_VERSION = 5.0;
				TARGETED_DEVICE_FAMILY = "1,2";
			};
			name = Release;
		};
		9AA5C7B62880385900F5EBFE /* Debug */ = {
			isa = XCBuildConfiguration;
			buildSettings = {
				ALWAYS_EMBED_SWIFT_STANDARD_LIBRARIES = YES;
				BUNDLE_LOADER = "$(TEST_HOST)";
				CODE_SIGN_STYLE = Automatic;
				CURRENT_PROJECT_VERSION = 1;
				DEVELOPMENT_TEAM = V729GPG2UB;
				GENERATE_INFOPLIST_FILE = YES;
				IPHONEOS_DEPLOYMENT_TARGET = 15.5;
				MARKETING_VERSION = 1.0;
				PRODUCT_BUNDLE_IDENTIFIER = com.seven.pets.PetsTests;
				PRODUCT_NAME = "$(TARGET_NAME)";
				SWIFT_EMIT_LOC_STRINGS = NO;
				SWIFT_VERSION = 5.0;
				TARGETED_DEVICE_FAMILY = "1,2";
				TEST_HOST = "$(BUILT_PRODUCTS_DIR)/Pets.app/Pets";
			};
			name = Debug;
		};
		9AA5C7B72880385900F5EBFE /* Release */ = {
			isa = XCBuildConfiguration;
			buildSettings = {
				ALWAYS_EMBED_SWIFT_STANDARD_LIBRARIES = YES;
				BUNDLE_LOADER = "$(TEST_HOST)";
				CODE_SIGN_STYLE = Automatic;
				CURRENT_PROJECT_VERSION = 1;
				DEVELOPMENT_TEAM = V729GPG2UB;
				GENERATE_INFOPLIST_FILE = YES;
				IPHONEOS_DEPLOYMENT_TARGET = 15.5;
				MARKETING_VERSION = 1.0;
				PRODUCT_BUNDLE_IDENTIFIER = com.seven.pets.PetsTests;
				PRODUCT_NAME = "$(TARGET_NAME)";
				SWIFT_EMIT_LOC_STRINGS = NO;
				SWIFT_VERSION = 5.0;
				TARGETED_DEVICE_FAMILY = "1,2";
				TEST_HOST = "$(BUILT_PRODUCTS_DIR)/Pets.app/Pets";
			};
			name = Release;
		};
		9AA5C7B92880385900F5EBFE /* Debug */ = {
			isa = XCBuildConfiguration;
			buildSettings = {
				ALWAYS_EMBED_SWIFT_STANDARD_LIBRARIES = YES;
				CODE_SIGN_STYLE = Automatic;
				CURRENT_PROJECT_VERSION = 1;
				DEVELOPMENT_TEAM = V729GPG2UB;
				GENERATE_INFOPLIST_FILE = YES;
				MARKETING_VERSION = 1.0;
				PRODUCT_BUNDLE_IDENTIFIER = com.seven.pets.PetsUITests;
				PRODUCT_NAME = "$(TARGET_NAME)";
				SWIFT_EMIT_LOC_STRINGS = NO;
				SWIFT_VERSION = 5.0;
				TARGETED_DEVICE_FAMILY = "1,2";
				TEST_TARGET_NAME = Pets;
			};
			name = Debug;
		};
		9AA5C7BA2880385900F5EBFE /* Release */ = {
			isa = XCBuildConfiguration;
			buildSettings = {
				ALWAYS_EMBED_SWIFT_STANDARD_LIBRARIES = YES;
				CODE_SIGN_STYLE = Automatic;
				CURRENT_PROJECT_VERSION = 1;
				DEVELOPMENT_TEAM = V729GPG2UB;
				GENERATE_INFOPLIST_FILE = YES;
				MARKETING_VERSION = 1.0;
				PRODUCT_BUNDLE_IDENTIFIER = com.seven.pets.PetsUITests;
				PRODUCT_NAME = "$(TARGET_NAME)";
				SWIFT_EMIT_LOC_STRINGS = NO;
				SWIFT_VERSION = 5.0;
				TARGETED_DEVICE_FAMILY = "1,2";
				TEST_TARGET_NAME = Pets;
			};
			name = Release;
		};
/* End XCBuildConfiguration section */

/* Begin XCConfigurationList section */
		9AA5C7832880385700F5EBFE /* Build configuration list for PBXProject "Pets" */ = {
			isa = XCConfigurationList;
			buildConfigurations = (
				9AA5C7B02880385900F5EBFE /* Debug */,
				9AA5C7B12880385900F5EBFE /* Release */,
			);
			defaultConfigurationIsVisible = 0;
			defaultConfigurationName = Release;
		};
		9AA5C7B22880385900F5EBFE /* Build configuration list for PBXNativeTarget "Pets" */ = {
			isa = XCConfigurationList;
			buildConfigurations = (
				9AA5C7B32880385900F5EBFE /* Debug */,
				9AA5C7B42880385900F5EBFE /* Release */,
			);
			defaultConfigurationIsVisible = 0;
			defaultConfigurationName = Release;
		};
		9AA5C7B52880385900F5EBFE /* Build configuration list for PBXNativeTarget "PetsTests" */ = {
			isa = XCConfigurationList;
			buildConfigurations = (
				9AA5C7B62880385900F5EBFE /* Debug */,
				9AA5C7B72880385900F5EBFE /* Release */,
			);
			defaultConfigurationIsVisible = 0;
			defaultConfigurationName = Release;
		};
		9AA5C7B82880385900F5EBFE /* Build configuration list for PBXNativeTarget "PetsUITests" */ = {
			isa = XCConfigurationList;
			buildConfigurations = (
				9AA5C7B92880385900F5EBFE /* Debug */,
				9AA5C7BA2880385900F5EBFE /* Release */,
			);
			defaultConfigurationIsVisible = 0;
			defaultConfigurationName = Release;
		};
/* End XCConfigurationList section */
	};
	rootObject = 9AA5C7802880385700F5EBFE /* Project object */;
}
